// !$*UTF8*$!
{
	archiveVersion = 1;
	classes = {
	};
	objectVersion = 55;
	objects = {

/* Begin PBXBuildFile section */
		0726408C77272FA3CBD0C416 /* libPods-GMObjC Mac Demo.a in Frameworks */ = {isa = PBXBuildFile; fileRef = 917BF1DEBB71D3B9589B967D /* libPods-GMObjC Mac Demo.a */; };
		9C4BA10E2B3AD613007EB1ED /* main.swift in Sources */ = {isa = PBXBuildFile; fileRef = 9CB630D02B3A9DE90017AE18 /* main.swift */; };
		9C745900270FE3AE0062C1E5 /* Assets.xcassets in Resources */ = {isa = PBXBuildFile; fileRef = 9C7458FF270FE3AE0062C1E5 /* Assets.xcassets */; };
		9C745903270FE3AE0062C1E5 /* LaunchScreen.storyboard in Resources */ = {isa = PBXBuildFile; fileRef = 9C745901270FE3AE0062C1E5 /* LaunchScreen.storyboard */; };
		9C745906270FE3AE0062C1E5 /* main.m in Sources */ = {isa = PBXBuildFile; fileRef = 9C745905270FE3AE0062C1E5 /* main.m */; };
		9C745910270FE4790062C1E5 /* GMAppDelegate.m in Sources */ = {isa = PBXBuildFile; fileRef = 9C74590C270FE4790062C1E5 /* GMAppDelegate.m */; };
		9C745911270FE4790062C1E5 /* GMViewController.m in Sources */ = {isa = PBXBuildFile; fileRef = 9C74590F270FE4790062C1E5 /* GMViewController.m */; };
		9C7FE7952B3955DD006AE995 /* GMTestUtil.m in Sources */ = {isa = PBXBuildFile; fileRef = 9CC40DDC2AB03E5F00E5C253 /* GMTestUtil.m */; };
		9C7FE7962B395605006AE995 /* GMTestModel.m in Sources */ = {isa = PBXBuildFile; fileRef = 9CC40DDB2AB03E5F00E5C253 /* GMTestModel.m */; };
		9CBB89EB27101106008411A1 /* sm2pri-4.pem in Resources */ = {isa = PBXBuildFile; fileRef = 9CBB89B427101105008411A1 /* sm2pri-4.pem */; };
		9CBB89EC27101106008411A1 /* sm2pri-5.pem in Resources */ = {isa = PBXBuildFile; fileRef = 9CBB89B527101105008411A1 /* sm2pri-5.pem */; };
		9CBB89ED27101106008411A1 /* sm2pri-7.pem in Resources */ = {isa = PBXBuildFile; fileRef = 9CBB89B627101105008411A1 /* sm2pri-7.pem */; };
		9CBB89EE27101106008411A1 /* sm2pri-6.pem in Resources */ = {isa = PBXBuildFile; fileRef = 9CBB89B727101105008411A1 /* sm2pri-6.pem */; };
		9CBB89EF27101106008411A1 /* sm2pri-2.pem in Resources */ = {isa = PBXBuildFile; fileRef = 9CBB89B827101105008411A1 /* sm2pri-2.pem */; };
		9CBB89F027101106008411A1 /* sm2pri-3.pem in Resources */ = {isa = PBXBuildFile; fileRef = 9CBB89B927101105008411A1 /* sm2pri-3.pem */; };
		9CBB89F127101106008411A1 /* sm2pri-1.pem in Resources */ = {isa = PBXBuildFile; fileRef = 9CBB89BA27101105008411A1 /* sm2pri-1.pem */; };
		9CBB89F227101106008411A1 /* sm2pri-10.pem in Resources */ = {isa = PBXBuildFile; fileRef = 9CBB89BB27101105008411A1 /* sm2pri-10.pem */; };
		9CBB89F327101106008411A1 /* sm2pri-8.pem in Resources */ = {isa = PBXBuildFile; fileRef = 9CBB89BC27101105008411A1 /* sm2pri-8.pem */; };
		9CBB89F427101106008411A1 /* sm2pri-9.pem in Resources */ = {isa = PBXBuildFile; fileRef = 9CBB89BD27101105008411A1 /* sm2pri-9.pem */; };
		9CBB89F527101106008411A1 /* sm2pri-1.der in Resources */ = {isa = PBXBuildFile; fileRef = 9CBB89BF27101105008411A1 /* sm2pri-1.der */; };
		9CBB89F627101106008411A1 /* sm2pri-3.der in Resources */ = {isa = PBXBuildFile; fileRef = 9CBB89C027101105008411A1 /* sm2pri-3.der */; };
		9CBB89F727101106008411A1 /* sm2pri-2.der in Resources */ = {isa = PBXBuildFile; fileRef = 9CBB89C127101105008411A1 /* sm2pri-2.der */; };
		9CBB89F827101106008411A1 /* sm2pri-6.der in Resources */ = {isa = PBXBuildFile; fileRef = 9CBB89C227101105008411A1 /* sm2pri-6.der */; };
		9CBB89F927101106008411A1 /* sm2pri-7.der in Resources */ = {isa = PBXBuildFile; fileRef = 9CBB89C327101105008411A1 /* sm2pri-7.der */; };
		9CBB89FA27101106008411A1 /* sm2pri-5.der in Resources */ = {isa = PBXBuildFile; fileRef = 9CBB89C427101105008411A1 /* sm2pri-5.der */; };
		9CBB89FB27101106008411A1 /* sm2pri-4.der in Resources */ = {isa = PBXBuildFile; fileRef = 9CBB89C527101105008411A1 /* sm2pri-4.der */; };
		9CBB89FC27101106008411A1 /* sm2pri-9.der in Resources */ = {isa = PBXBuildFile; fileRef = 9CBB89C627101105008411A1 /* sm2pri-9.der */; };
		9CBB89FD27101106008411A1 /* sm2pri-8.der in Resources */ = {isa = PBXBuildFile; fileRef = 9CBB89C727101105008411A1 /* sm2pri-8.der */; };
		9CBB89FE27101106008411A1 /* sm2pri-10.der in Resources */ = {isa = PBXBuildFile; fileRef = 9CBB89C827101105008411A1 /* sm2pri-10.der */; };
		9CBB89FF27101106008411A1 /* sm2pri8-9.pem in Resources */ = {isa = PBXBuildFile; fileRef = 9CBB89CA27101105008411A1 /* sm2pri8-9.pem */; };
		9CBB8A0027101106008411A1 /* sm2pri8-8.pem in Resources */ = {isa = PBXBuildFile; fileRef = 9CBB89CB27101105008411A1 /* sm2pri8-8.pem */; };
		9CBB8A0127101106008411A1 /* sm2pri8-10.pem in Resources */ = {isa = PBXBuildFile; fileRef = 9CBB89CC27101105008411A1 /* sm2pri8-10.pem */; };
		9CBB8A0227101106008411A1 /* sm2pri8-3.pem in Resources */ = {isa = PBXBuildFile; fileRef = 9CBB89CD27101105008411A1 /* sm2pri8-3.pem */; };
		9CBB8A0327101106008411A1 /* sm2pri8-2.pem in Resources */ = {isa = PBXBuildFile; fileRef = 9CBB89CE27101105008411A1 /* sm2pri8-2.pem */; };
		9CBB8A0427101106008411A1 /* sm2pri8-1.pem in Resources */ = {isa = PBXBuildFile; fileRef = 9CBB89CF27101105008411A1 /* sm2pri8-1.pem */; };
		9CBB8A0527101106008411A1 /* sm2pri8-5.pem in Resources */ = {isa = PBXBuildFile; fileRef = 9CBB89D027101105008411A1 /* sm2pri8-5.pem */; };
		9CBB8A0627101106008411A1 /* sm2pri8-4.pem in Resources */ = {isa = PBXBuildFile; fileRef = 9CBB89D127101105008411A1 /* sm2pri8-4.pem */; };
		9CBB8A0727101106008411A1 /* sm2pri8-6.pem in Resources */ = {isa = PBXBuildFile; fileRef = 9CBB89D227101105008411A1 /* sm2pri8-6.pem */; };
		9CBB8A0827101106008411A1 /* sm2pri8-7.pem in Resources */ = {isa = PBXBuildFile; fileRef = 9CBB89D327101105008411A1 /* sm2pri8-7.pem */; };
		9CBB8A0927101106008411A1 /* sm2pub-1.der in Resources */ = {isa = PBXBuildFile; fileRef = 9CBB89D527101105008411A1 /* sm2pub-1.der */; };
		9CBB8A0A27101106008411A1 /* sm2pub-2.der in Resources */ = {isa = PBXBuildFile; fileRef = 9CBB89D627101105008411A1 /* sm2pub-2.der */; };
		9CBB8A0B27101106008411A1 /* sm2pub-3.der in Resources */ = {isa = PBXBuildFile; fileRef = 9CBB89D727101105008411A1 /* sm2pub-3.der */; };
		9CBB8A0C27101106008411A1 /* sm2pub-7.der in Resources */ = {isa = PBXBuildFile; fileRef = 9CBB89D827101105008411A1 /* sm2pub-7.der */; };
		9CBB8A0D27101106008411A1 /* sm2pub-6.der in Resources */ = {isa = PBXBuildFile; fileRef = 9CBB89D927101105008411A1 /* sm2pub-6.der */; };
		9CBB8A0E27101106008411A1 /* sm2pub-4.der in Resources */ = {isa = PBXBuildFile; fileRef = 9CBB89DA27101105008411A1 /* sm2pub-4.der */; };
		9CBB8A0F27101106008411A1 /* sm2pub-5.der in Resources */ = {isa = PBXBuildFile; fileRef = 9CBB89DB27101105008411A1 /* sm2pub-5.der */; };
		9CBB8A1027101106008411A1 /* sm2pub-8.der in Resources */ = {isa = PBXBuildFile; fileRef = 9CBB89DC27101105008411A1 /* sm2pub-8.der */; };
		9CBB8A1127101106008411A1 /* sm2pub-9.der in Resources */ = {isa = PBXBuildFile; fileRef = 9CBB89DD27101105008411A1 /* sm2pub-9.der */; };
		9CBB8A1227101106008411A1 /* sm2pub-10.der in Resources */ = {isa = PBXBuildFile; fileRef = 9CBB89DE27101105008411A1 /* sm2pub-10.der */; };
		9CBB8A1327101106008411A1 /* sm2pub-5.pem in Resources */ = {isa = PBXBuildFile; fileRef = 9CBB89E027101105008411A1 /* sm2pub-5.pem */; };
		9CBB8A1427101106008411A1 /* sm2pub-4.pem in Resources */ = {isa = PBXBuildFile; fileRef = 9CBB89E127101106008411A1 /* sm2pub-4.pem */; };
		9CBB8A1527101106008411A1 /* sm2pub-6.pem in Resources */ = {isa = PBXBuildFile; fileRef = 9CBB89E227101106008411A1 /* sm2pub-6.pem */; };
		9CBB8A1627101106008411A1 /* sm2pub-7.pem in Resources */ = {isa = PBXBuildFile; fileRef = 9CBB89E327101106008411A1 /* sm2pub-7.pem */; };
		9CBB8A1727101106008411A1 /* sm2pub-3.pem in Resources */ = {isa = PBXBuildFile; fileRef = 9CBB89E427101106008411A1 /* sm2pub-3.pem */; };
		9CBB8A1827101106008411A1 /* sm2pub-2.pem in Resources */ = {isa = PBXBuildFile; fileRef = 9CBB89E527101106008411A1 /* sm2pub-2.pem */; };
		9CBB8A1927101106008411A1 /* sm2pub-1.pem in Resources */ = {isa = PBXBuildFile; fileRef = 9CBB89E627101106008411A1 /* sm2pub-1.pem */; };
		9CBB8A1A27101106008411A1 /* sm2pub-10.pem in Resources */ = {isa = PBXBuildFile; fileRef = 9CBB89E727101106008411A1 /* sm2pub-10.pem */; };
		9CBB8A1B27101106008411A1 /* sm2pub-9.pem in Resources */ = {isa = PBXBuildFile; fileRef = 9CBB89E827101106008411A1 /* sm2pub-9.pem */; };
		9CBB8A1C27101106008411A1 /* sm2pub-8.pem in Resources */ = {isa = PBXBuildFile; fileRef = 9CBB89E927101106008411A1 /* sm2pub-8.pem */; };
		9CBB8A1D27101106008411A1 /* sm4TestFile.txt in Resources */ = {isa = PBXBuildFile; fileRef = 9CBB89EA27101106008411A1 /* sm4TestFile.txt */; };
		9CC40DE02AB03E5F00E5C253 /* GMTestModel.m in Sources */ = {isa = PBXBuildFile; fileRef = 9CC40DDB2AB03E5F00E5C253 /* GMTestModel.m */; };
		9CC40DE12AB03E5F00E5C253 /* GMTestUtil.m in Sources */ = {isa = PBXBuildFile; fileRef = 9CC40DDC2AB03E5F00E5C253 /* GMTestUtil.m */; };
		9CC40DE22AB03E5F00E5C253 /* GMTestCell.m in Sources */ = {isa = PBXBuildFile; fileRef = 9CC40DDD2AB03E5F00E5C253 /* GMTestCell.m */; };
		9CCDFC0F2B357087004E50AD /* AppDelegate.swift in Sources */ = {isa = PBXBuildFile; fileRef = 9CCDFC0E2B357087004E50AD /* AppDelegate.swift */; };
		9CCDFC132B357088004E50AD /* Assets.xcassets in Resources */ = {isa = PBXBuildFile; fileRef = 9CCDFC122B357088004E50AD /* Assets.xcassets */; };
		9CD523372B47EDB40077D8E8 /* GMTestCell.swift in Sources */ = {isa = PBXBuildFile; fileRef = 9CD523362B47EDB40077D8E8 /* GMTestCell.swift */; };
		9CDD89972B396588000FE5C4 /* GMMainVC.swift in Sources */ = {isa = PBXBuildFile; fileRef = 9CDD89962B396588000FE5C4 /* GMMainVC.swift */; };
		9CE013142B5E4AD700F49627 /* bing-der-single.cer in Resources */ = {isa = PBXBuildFile; fileRef = 9CF02FD42A6FBB25008B80DE /* bing-der-single.cer */; };
		9CE013152B5E4AD700F49627 /* github-base64-chain.cer in Resources */ = {isa = PBXBuildFile; fileRef = 9CF02FD82A6FBB25008B80DE /* github-base64-chain.cer */; };
		9CE013162B5E4AD700F49627 /* github-base64-single.cer in Resources */ = {isa = PBXBuildFile; fileRef = 9CF02FD62A6FBB25008B80DE /* github-base64-single.cer */; };
		9CE013172B5E4AD700F49627 /* bing-base64-single.cer in Resources */ = {isa = PBXBuildFile; fileRef = 9CF02FD32A6FBB25008B80DE /* bing-base64-single.cer */; };
		9CE013182B5E4AD700F49627 /* bing-base64-chain.cer in Resources */ = {isa = PBXBuildFile; fileRef = 9CF02FD12A6FBB25008B80DE /* bing-base64-chain.cer */; };
		9CE013192B5E4AD700F49627 /* github-der-single.cer in Resources */ = {isa = PBXBuildFile; fileRef = 9CF02FD22A6FBB25008B80DE /* github-der-single.cer */; };
		9CE0131A2B5E4ADF00F49627 /* sm2pri-5.pem in Resources */ = {isa = PBXBuildFile; fileRef = 9CBB89B527101105008411A1 /* sm2pri-5.pem */; };
		9CE0131B2B5E4ADF00F49627 /* sm2pri-9.pem in Resources */ = {isa = PBXBuildFile; fileRef = 9CBB89BD27101105008411A1 /* sm2pri-9.pem */; };
		9CE0131C2B5E4ADF00F49627 /* sm2pri-10.pem in Resources */ = {isa = PBXBuildFile; fileRef = 9CBB89BB27101105008411A1 /* sm2pri-10.pem */; };
		9CE0131D2B5E4ADF00F49627 /* sm2pri-4.pem in Resources */ = {isa = PBXBuildFile; fileRef = 9CBB89B427101105008411A1 /* sm2pri-4.pem */; };
		9CE0131E2B5E4ADF00F49627 /* sm2pri-6.pem in Resources */ = {isa = PBXBuildFile; fileRef = 9CBB89B727101105008411A1 /* sm2pri-6.pem */; };
		9CE0131F2B5E4ADF00F49627 /* sm2pri-2.pem in Resources */ = {isa = PBXBuildFile; fileRef = 9CBB89B827101105008411A1 /* sm2pri-2.pem */; };
		9CE013202B5E4ADF00F49627 /* sm2pri-1.pem in Resources */ = {isa = PBXBuildFile; fileRef = 9CBB89BA27101105008411A1 /* sm2pri-1.pem */; };
		9CE013212B5E4ADF00F49627 /* sm2pri-7.pem in Resources */ = {isa = PBXBuildFile; fileRef = 9CBB89B627101105008411A1 /* sm2pri-7.pem */; };
		9CE013222B5E4ADF00F49627 /* sm2pri-8.pem in Resources */ = {isa = PBXBuildFile; fileRef = 9CBB89BC27101105008411A1 /* sm2pri-8.pem */; };
		9CE013232B5E4ADF00F49627 /* sm2pri-3.pem in Resources */ = {isa = PBXBuildFile; fileRef = 9CBB89B927101105008411A1 /* sm2pri-3.pem */; };
		9CE013242B5E4AF400F49627 /* sm2pri-10.der in Resources */ = {isa = PBXBuildFile; fileRef = 9CBB89C827101105008411A1 /* sm2pri-10.der */; };
		9CE013252B5E4AF400F49627 /* sm2pri-7.der in Resources */ = {isa = PBXBuildFile; fileRef = 9CBB89C327101105008411A1 /* sm2pri-7.der */; };
		9CE013262B5E4AF400F49627 /* sm2pri-4.der in Resources */ = {isa = PBXBuildFile; fileRef = 9CBB89C527101105008411A1 /* sm2pri-4.der */; };
		9CE013272B5E4AF400F49627 /* sm2pri-8.der in Resources */ = {isa = PBXBuildFile; fileRef = 9CBB89C727101105008411A1 /* sm2pri-8.der */; };
		9CE013282B5E4AF400F49627 /* sm2pri-9.der in Resources */ = {isa = PBXBuildFile; fileRef = 9CBB89C627101105008411A1 /* sm2pri-9.der */; };
		9CE013292B5E4AF400F49627 /* sm2pri-6.der in Resources */ = {isa = PBXBuildFile; fileRef = 9CBB89C227101105008411A1 /* sm2pri-6.der */; };
		9CE0132A2B5E4AF400F49627 /* sm2pri-3.der in Resources */ = {isa = PBXBuildFile; fileRef = 9CBB89C027101105008411A1 /* sm2pri-3.der */; };
		9CE0132B2B5E4AF400F49627 /* sm2pri-1.der in Resources */ = {isa = PBXBuildFile; fileRef = 9CBB89BF27101105008411A1 /* sm2pri-1.der */; };
		9CE0132C2B5E4AF400F49627 /* sm2pri-2.der in Resources */ = {isa = PBXBuildFile; fileRef = 9CBB89C127101105008411A1 /* sm2pri-2.der */; };
		9CE0132D2B5E4AF400F49627 /* sm2pri-5.der in Resources */ = {isa = PBXBuildFile; fileRef = 9CBB89C427101105008411A1 /* sm2pri-5.der */; };
		9CE0132E2B5E4AFB00F49627 /* sm2pri8-7.pem in Resources */ = {isa = PBXBuildFile; fileRef = 9CBB89D327101105008411A1 /* sm2pri8-7.pem */; };
		9CE0132F2B5E4AFB00F49627 /* sm2pri8-4.pem in Resources */ = {isa = PBXBuildFile; fileRef = 9CBB89D127101105008411A1 /* sm2pri8-4.pem */; };
		9CE013302B5E4AFB00F49627 /* sm2pri8-5.pem in Resources */ = {isa = PBXBuildFile; fileRef = 9CBB89D027101105008411A1 /* sm2pri8-5.pem */; };
		9CE013312B5E4AFB00F49627 /* sm2pri8-8.pem in Resources */ = {isa = PBXBuildFile; fileRef = 9CBB89CB27101105008411A1 /* sm2pri8-8.pem */; };
		9CE013322B5E4AFB00F49627 /* sm2pri8-1.pem in Resources */ = {isa = PBXBuildFile; fileRef = 9CBB89CF27101105008411A1 /* sm2pri8-1.pem */; };
		9CE013332B5E4AFB00F49627 /* sm2pri8-6.pem in Resources */ = {isa = PBXBuildFile; fileRef = 9CBB89D227101105008411A1 /* sm2pri8-6.pem */; };
		9CE013342B5E4AFB00F49627 /* sm2pri8-3.pem in Resources */ = {isa = PBXBuildFile; fileRef = 9CBB89CD27101105008411A1 /* sm2pri8-3.pem */; };
		9CE013352B5E4AFB00F49627 /* sm2pri8-2.pem in Resources */ = {isa = PBXBuildFile; fileRef = 9CBB89CE27101105008411A1 /* sm2pri8-2.pem */; };
		9CE013362B5E4AFB00F49627 /* sm2pri8-9.pem in Resources */ = {isa = PBXBuildFile; fileRef = 9CBB89CA27101105008411A1 /* sm2pri8-9.pem */; };
		9CE013372B5E4AFB00F49627 /* sm2pri8-10.pem in Resources */ = {isa = PBXBuildFile; fileRef = 9CBB89CC27101105008411A1 /* sm2pri8-10.pem */; };
		9CE013382B5E4B0000F49627 /* sm2pub-7.der in Resources */ = {isa = PBXBuildFile; fileRef = 9CBB89D827101105008411A1 /* sm2pub-7.der */; };
		9CE013392B5E4B0000F49627 /* sm2pub-6.der in Resources */ = {isa = PBXBuildFile; fileRef = 9CBB89D927101105008411A1 /* sm2pub-6.der */; };
		9CE0133A2B5E4B0000F49627 /* sm2pub-3.der in Resources */ = {isa = PBXBuildFile; fileRef = 9CBB89D727101105008411A1 /* sm2pub-3.der */; };
		9CE0133B2B5E4B0000F49627 /* sm2pub-8.der in Resources */ = {isa = PBXBuildFile; fileRef = 9CBB89DC27101105008411A1 /* sm2pub-8.der */; };
		9CE0133C2B5E4B0000F49627 /* sm2pub-4.der in Resources */ = {isa = PBXBuildFile; fileRef = 9CBB89DA27101105008411A1 /* sm2pub-4.der */; };
		9CE0133D2B5E4B0000F49627 /* sm2pub-10.der in Resources */ = {isa = PBXBuildFile; fileRef = 9CBB89DE27101105008411A1 /* sm2pub-10.der */; };
		9CE0133E2B5E4B0000F49627 /* sm2pub-2.der in Resources */ = {isa = PBXBuildFile; fileRef = 9CBB89D627101105008411A1 /* sm2pub-2.der */; };
		9CE0133F2B5E4B0000F49627 /* sm2pub-9.der in Resources */ = {isa = PBXBuildFile; fileRef = 9CBB89DD27101105008411A1 /* sm2pub-9.der */; };
		9CE013402B5E4B0000F49627 /* sm2pub-5.der in Resources */ = {isa = PBXBuildFile; fileRef = 9CBB89DB27101105008411A1 /* sm2pub-5.der */; };
		9CE013412B5E4B0000F49627 /* sm2pub-1.der in Resources */ = {isa = PBXBuildFile; fileRef = 9CBB89D527101105008411A1 /* sm2pub-1.der */; };
		9CE013422B5E4B0C00F49627 /* sm2pub-8.pem in Resources */ = {isa = PBXBuildFile; fileRef = 9CBB89E927101106008411A1 /* sm2pub-8.pem */; };
		9CE013432B5E4B0C00F49627 /* sm2pub-9.pem in Resources */ = {isa = PBXBuildFile; fileRef = 9CBB89E827101106008411A1 /* sm2pub-9.pem */; };
		9CE013442B5E4B0C00F49627 /* sm2pub-6.pem in Resources */ = {isa = PBXBuildFile; fileRef = 9CBB89E227101106008411A1 /* sm2pub-6.pem */; };
		9CE013452B5E4B0C00F49627 /* sm2pub-4.pem in Resources */ = {isa = PBXBuildFile; fileRef = 9CBB89E127101106008411A1 /* sm2pub-4.pem */; };
		9CE013462B5E4B0C00F49627 /* sm2pub-7.pem in Resources */ = {isa = PBXBuildFile; fileRef = 9CBB89E327101106008411A1 /* sm2pub-7.pem */; };
		9CE013472B5E4B0C00F49627 /* sm2pub-10.pem in Resources */ = {isa = PBXBuildFile; fileRef = 9CBB89E727101106008411A1 /* sm2pub-10.pem */; };
		9CE013482B5E4B0C00F49627 /* sm2pub-1.pem in Resources */ = {isa = PBXBuildFile; fileRef = 9CBB89E627101106008411A1 /* sm2pub-1.pem */; };
		9CE013492B5E4B0C00F49627 /* sm2pub-2.pem in Resources */ = {isa = PBXBuildFile; fileRef = 9CBB89E527101106008411A1 /* sm2pub-2.pem */; };
		9CE0134A2B5E4B0C00F49627 /* sm2pub-5.pem in Resources */ = {isa = PBXBuildFile; fileRef = 9CBB89E027101105008411A1 /* sm2pub-5.pem */; };
		9CE0134B2B5E4B0C00F49627 /* sm2pub-3.pem in Resources */ = {isa = PBXBuildFile; fileRef = 9CBB89E427101106008411A1 /* sm2pub-3.pem */; };
		9CE0134C2B5E4B1200F49627 /* sm4TestFile.txt in Resources */ = {isa = PBXBuildFile; fileRef = 9CBB89EA27101106008411A1 /* sm4TestFile.txt */; };
		9CF02FDB2A6FBB25008B80DE /* bing-base64-chain.cer in Resources */ = {isa = PBXBuildFile; fileRef = 9CF02FD12A6FBB25008B80DE /* bing-base64-chain.cer */; };
		9CF02FDC2A6FBB25008B80DE /* github-der-single.cer in Resources */ = {isa = PBXBuildFile; fileRef = 9CF02FD22A6FBB25008B80DE /* github-der-single.cer */; };
		9CF02FDD2A6FBB25008B80DE /* bing-base64-single.cer in Resources */ = {isa = PBXBuildFile; fileRef = 9CF02FD32A6FBB25008B80DE /* bing-base64-single.cer */; };
		9CF02FDE2A6FBB25008B80DE /* bing-der-single.cer in Resources */ = {isa = PBXBuildFile; fileRef = 9CF02FD42A6FBB25008B80DE /* bing-der-single.cer */; };
		9CF02FE02A6FBB25008B80DE /* github-base64-single.cer in Resources */ = {isa = PBXBuildFile; fileRef = 9CF02FD62A6FBB25008B80DE /* github-base64-single.cer */; };
		9CF02FE22A6FBB25008B80DE /* github-base64-chain.cer in Resources */ = {isa = PBXBuildFile; fileRef = 9CF02FD82A6FBB25008B80DE /* github-base64-chain.cer */; };
		A9D35D54CE4CC29ED7ACDCFE /* libPods-GMObjC iOS Demo.a in Frameworks */ = {isa = PBXBuildFile; fileRef = 68E4A04DB15A16DA7ADA9CC6 /* libPods-GMObjC iOS Demo.a */; };
/* End PBXBuildFile section */

/* Begin PBXFileReference section */
		68E4A04DB15A16DA7ADA9CC6 /* libPods-GMObjC iOS Demo.a */ = {isa = PBXFileReference; explicitFileType = archive.ar; includeInIndex = 0; path = "libPods-GMObjC iOS Demo.a"; sourceTree = BUILT_PRODUCTS_DIR; };
		917BF1DEBB71D3B9589B967D /* libPods-GMObjC Mac Demo.a */ = {isa = PBXFileReference; explicitFileType = archive.ar; includeInIndex = 0; path = "libPods-GMObjC Mac Demo.a"; sourceTree = BUILT_PRODUCTS_DIR; };
		9C7458F0270FE3AD0062C1E5 /* GMObjC iOS Demo.app */ = {isa = PBXFileReference; explicitFileType = wrapper.application; includeInIndex = 0; path = "GMObjC iOS Demo.app"; sourceTree = BUILT_PRODUCTS_DIR; };
		9C7458FF270FE3AE0062C1E5 /* Assets.xcassets */ = {isa = PBXFileReference; lastKnownFileType = folder.assetcatalog; path = Assets.xcassets; sourceTree = "<group>"; };
		9C745902270FE3AE0062C1E5 /* Base */ = {isa = PBXFileReference; lastKnownFileType = file.storyboard; name = Base; path = Base.lproj/LaunchScreen.storyboard; sourceTree = "<group>"; };
		9C745904270FE3AE0062C1E5 /* Info.plist */ = {isa = PBXFileReference; lastKnownFileType = text.plist.xml; path = Info.plist; sourceTree = "<group>"; };
		9C745905270FE3AE0062C1E5 /* main.m */ = {isa = PBXFileReference; lastKnownFileType = sourcecode.c.objc; path = main.m; sourceTree = "<group>"; };
		9C74590C270FE4790062C1E5 /* GMAppDelegate.m */ = {isa = PBXFileReference; fileEncoding = 4; lastKnownFileType = sourcecode.c.objc; path = GMAppDelegate.m; sourceTree = "<group>"; };
		9C74590D270FE4790062C1E5 /* GMAppDelegate.h */ = {isa = PBXFileReference; fileEncoding = 4; lastKnownFileType = sourcecode.c.h; path = GMAppDelegate.h; sourceTree = "<group>"; };
		9C74590E270FE4790062C1E5 /* GMViewController.h */ = {isa = PBXFileReference; fileEncoding = 4; lastKnownFileType = sourcecode.c.h; path = GMViewController.h; sourceTree = "<group>"; };
		9C74590F270FE4790062C1E5 /* GMViewController.m */ = {isa = PBXFileReference; fileEncoding = 4; lastKnownFileType = sourcecode.c.objc; path = GMViewController.m; sourceTree = "<group>"; };
		9CB630D02B3A9DE90017AE18 /* main.swift */ = {isa = PBXFileReference; lastKnownFileType = sourcecode.swift; path = main.swift; sourceTree = "<group>"; };
		9CBB89B427101105008411A1 /* sm2pri-4.pem */ = {isa = PBXFileReference; fileEncoding = 4; lastKnownFileType = text; path = "sm2pri-4.pem"; sourceTree = "<group>"; };
		9CBB89B527101105008411A1 /* sm2pri-5.pem */ = {isa = PBXFileReference; fileEncoding = 4; lastKnownFileType = text; path = "sm2pri-5.pem"; sourceTree = "<group>"; };
		9CBB89B627101105008411A1 /* sm2pri-7.pem */ = {isa = PBXFileReference; fileEncoding = 4; lastKnownFileType = text; path = "sm2pri-7.pem"; sourceTree = "<group>"; };
		9CBB89B727101105008411A1 /* sm2pri-6.pem */ = {isa = PBXFileReference; fileEncoding = 4; lastKnownFileType = text; path = "sm2pri-6.pem"; sourceTree = "<group>"; };
		9CBB89B827101105008411A1 /* sm2pri-2.pem */ = {isa = PBXFileReference; fileEncoding = 4; lastKnownFileType = text; path = "sm2pri-2.pem"; sourceTree = "<group>"; };
		9CBB89B927101105008411A1 /* sm2pri-3.pem */ = {isa = PBXFileReference; fileEncoding = 4; lastKnownFileType = text; path = "sm2pri-3.pem"; sourceTree = "<group>"; };
		9CBB89BA27101105008411A1 /* sm2pri-1.pem */ = {isa = PBXFileReference; fileEncoding = 4; lastKnownFileType = text; path = "sm2pri-1.pem"; sourceTree = "<group>"; };
		9CBB89BB27101105008411A1 /* sm2pri-10.pem */ = {isa = PBXFileReference; fileEncoding = 4; lastKnownFileType = text; path = "sm2pri-10.pem"; sourceTree = "<group>"; };
		9CBB89BC27101105008411A1 /* sm2pri-8.pem */ = {isa = PBXFileReference; fileEncoding = 4; lastKnownFileType = text; path = "sm2pri-8.pem"; sourceTree = "<group>"; };
		9CBB89BD27101105008411A1 /* sm2pri-9.pem */ = {isa = PBXFileReference; fileEncoding = 4; lastKnownFileType = text; path = "sm2pri-9.pem"; sourceTree = "<group>"; };
		9CBB89BF27101105008411A1 /* sm2pri-1.der */ = {isa = PBXFileReference; lastKnownFileType = file; path = "sm2pri-1.der"; sourceTree = "<group>"; };
		9CBB89C027101105008411A1 /* sm2pri-3.der */ = {isa = PBXFileReference; lastKnownFileType = file; path = "sm2pri-3.der"; sourceTree = "<group>"; };
		9CBB89C127101105008411A1 /* sm2pri-2.der */ = {isa = PBXFileReference; lastKnownFileType = file; path = "sm2pri-2.der"; sourceTree = "<group>"; };
		9CBB89C227101105008411A1 /* sm2pri-6.der */ = {isa = PBXFileReference; lastKnownFileType = file; path = "sm2pri-6.der"; sourceTree = "<group>"; };
		9CBB89C327101105008411A1 /* sm2pri-7.der */ = {isa = PBXFileReference; lastKnownFileType = file; path = "sm2pri-7.der"; sourceTree = "<group>"; };
		9CBB89C427101105008411A1 /* sm2pri-5.der */ = {isa = PBXFileReference; lastKnownFileType = file; path = "sm2pri-5.der"; sourceTree = "<group>"; };
		9CBB89C527101105008411A1 /* sm2pri-4.der */ = {isa = PBXFileReference; lastKnownFileType = file; path = "sm2pri-4.der"; sourceTree = "<group>"; };
		9CBB89C627101105008411A1 /* sm2pri-9.der */ = {isa = PBXFileReference; lastKnownFileType = file; path = "sm2pri-9.der"; sourceTree = "<group>"; };
		9CBB89C727101105008411A1 /* sm2pri-8.der */ = {isa = PBXFileReference; lastKnownFileType = file; path = "sm2pri-8.der"; sourceTree = "<group>"; };
		9CBB89C827101105008411A1 /* sm2pri-10.der */ = {isa = PBXFileReference; lastKnownFileType = file; path = "sm2pri-10.der"; sourceTree = "<group>"; };
		9CBB89CA27101105008411A1 /* sm2pri8-9.pem */ = {isa = PBXFileReference; fileEncoding = 4; lastKnownFileType = text; path = "sm2pri8-9.pem"; sourceTree = "<group>"; };
		9CBB89CB27101105008411A1 /* sm2pri8-8.pem */ = {isa = PBXFileReference; fileEncoding = 4; lastKnownFileType = text; path = "sm2pri8-8.pem"; sourceTree = "<group>"; };
		9CBB89CC27101105008411A1 /* sm2pri8-10.pem */ = {isa = PBXFileReference; fileEncoding = 4; lastKnownFileType = text; path = "sm2pri8-10.pem"; sourceTree = "<group>"; };
		9CBB89CD27101105008411A1 /* sm2pri8-3.pem */ = {isa = PBXFileReference; fileEncoding = 4; lastKnownFileType = text; path = "sm2pri8-3.pem"; sourceTree = "<group>"; };
		9CBB89CE27101105008411A1 /* sm2pri8-2.pem */ = {isa = PBXFileReference; fileEncoding = 4; lastKnownFileType = text; path = "sm2pri8-2.pem"; sourceTree = "<group>"; };
		9CBB89CF27101105008411A1 /* sm2pri8-1.pem */ = {isa = PBXFileReference; fileEncoding = 4; lastKnownFileType = text; path = "sm2pri8-1.pem"; sourceTree = "<group>"; };
		9CBB89D027101105008411A1 /* sm2pri8-5.pem */ = {isa = PBXFileReference; fileEncoding = 4; lastKnownFileType = text; path = "sm2pri8-5.pem"; sourceTree = "<group>"; };
		9CBB89D127101105008411A1 /* sm2pri8-4.pem */ = {isa = PBXFileReference; fileEncoding = 4; lastKnownFileType = text; path = "sm2pri8-4.pem"; sourceTree = "<group>"; };
		9CBB89D227101105008411A1 /* sm2pri8-6.pem */ = {isa = PBXFileReference; fileEncoding = 4; lastKnownFileType = text; path = "sm2pri8-6.pem"; sourceTree = "<group>"; };
		9CBB89D327101105008411A1 /* sm2pri8-7.pem */ = {isa = PBXFileReference; fileEncoding = 4; lastKnownFileType = text; path = "sm2pri8-7.pem"; sourceTree = "<group>"; };
		9CBB89D527101105008411A1 /* sm2pub-1.der */ = {isa = PBXFileReference; lastKnownFileType = file; path = "sm2pub-1.der"; sourceTree = "<group>"; };
		9CBB89D627101105008411A1 /* sm2pub-2.der */ = {isa = PBXFileReference; lastKnownFileType = file; path = "sm2pub-2.der"; sourceTree = "<group>"; };
		9CBB89D727101105008411A1 /* sm2pub-3.der */ = {isa = PBXFileReference; lastKnownFileType = file; path = "sm2pub-3.der"; sourceTree = "<group>"; };
		9CBB89D827101105008411A1 /* sm2pub-7.der */ = {isa = PBXFileReference; lastKnownFileType = file; path = "sm2pub-7.der"; sourceTree = "<group>"; };
		9CBB89D927101105008411A1 /* sm2pub-6.der */ = {isa = PBXFileReference; lastKnownFileType = file; path = "sm2pub-6.der"; sourceTree = "<group>"; };
		9CBB89DA27101105008411A1 /* sm2pub-4.der */ = {isa = PBXFileReference; lastKnownFileType = file; path = "sm2pub-4.der"; sourceTree = "<group>"; };
		9CBB89DB27101105008411A1 /* sm2pub-5.der */ = {isa = PBXFileReference; lastKnownFileType = file; path = "sm2pub-5.der"; sourceTree = "<group>"; };
		9CBB89DC27101105008411A1 /* sm2pub-8.der */ = {isa = PBXFileReference; lastKnownFileType = file; path = "sm2pub-8.der"; sourceTree = "<group>"; };
		9CBB89DD27101105008411A1 /* sm2pub-9.der */ = {isa = PBXFileReference; lastKnownFileType = file; path = "sm2pub-9.der"; sourceTree = "<group>"; };
		9CBB89DE27101105008411A1 /* sm2pub-10.der */ = {isa = PBXFileReference; lastKnownFileType = file; path = "sm2pub-10.der"; sourceTree = "<group>"; };
		9CBB89E027101105008411A1 /* sm2pub-5.pem */ = {isa = PBXFileReference; fileEncoding = 4; lastKnownFileType = text; path = "sm2pub-5.pem"; sourceTree = "<group>"; };
		9CBB89E127101106008411A1 /* sm2pub-4.pem */ = {isa = PBXFileReference; fileEncoding = 4; lastKnownFileType = text; path = "sm2pub-4.pem"; sourceTree = "<group>"; };
		9CBB89E227101106008411A1 /* sm2pub-6.pem */ = {isa = PBXFileReference; fileEncoding = 4; lastKnownFileType = text; path = "sm2pub-6.pem"; sourceTree = "<group>"; };
		9CBB89E327101106008411A1 /* sm2pub-7.pem */ = {isa = PBXFileReference; fileEncoding = 4; lastKnownFileType = text; path = "sm2pub-7.pem"; sourceTree = "<group>"; };
		9CBB89E427101106008411A1 /* sm2pub-3.pem */ = {isa = PBXFileReference; fileEncoding = 4; lastKnownFileType = text; path = "sm2pub-3.pem"; sourceTree = "<group>"; };
		9CBB89E527101106008411A1 /* sm2pub-2.pem */ = {isa = PBXFileReference; fileEncoding = 4; lastKnownFileType = text; path = "sm2pub-2.pem"; sourceTree = "<group>"; };
		9CBB89E627101106008411A1 /* sm2pub-1.pem */ = {isa = PBXFileReference; fileEncoding = 4; lastKnownFileType = text; path = "sm2pub-1.pem"; sourceTree = "<group>"; };
		9CBB89E727101106008411A1 /* sm2pub-10.pem */ = {isa = PBXFileReference; fileEncoding = 4; lastKnownFileType = text; path = "sm2pub-10.pem"; sourceTree = "<group>"; };
		9CBB89E827101106008411A1 /* sm2pub-9.pem */ = {isa = PBXFileReference; fileEncoding = 4; lastKnownFileType = text; path = "sm2pub-9.pem"; sourceTree = "<group>"; };
		9CBB89E927101106008411A1 /* sm2pub-8.pem */ = {isa = PBXFileReference; fileEncoding = 4; lastKnownFileType = text; path = "sm2pub-8.pem"; sourceTree = "<group>"; };
		9CBB89EA27101106008411A1 /* sm4TestFile.txt */ = {isa = PBXFileReference; fileEncoding = 4; lastKnownFileType = text; path = sm4TestFile.txt; sourceTree = "<group>"; };
		9CC40DDA2AB03E5F00E5C253 /* GMTestCell.h */ = {isa = PBXFileReference; fileEncoding = 4; lastKnownFileType = sourcecode.c.h; path = GMTestCell.h; sourceTree = "<group>"; };
		9CC40DDB2AB03E5F00E5C253 /* GMTestModel.m */ = {isa = PBXFileReference; fileEncoding = 4; lastKnownFileType = sourcecode.c.objc; path = GMTestModel.m; sourceTree = "<group>"; };
		9CC40DDC2AB03E5F00E5C253 /* GMTestUtil.m */ = {isa = PBXFileReference; fileEncoding = 4; lastKnownFileType = sourcecode.c.objc; path = GMTestUtil.m; sourceTree = "<group>"; };
		9CC40DDD2AB03E5F00E5C253 /* GMTestCell.m */ = {isa = PBXFileReference; fileEncoding = 4; lastKnownFileType = sourcecode.c.objc; path = GMTestCell.m; sourceTree = "<group>"; };
		9CC40DDE2AB03E5F00E5C253 /* GMTestUtil.h */ = {isa = PBXFileReference; fileEncoding = 4; lastKnownFileType = sourcecode.c.h; path = GMTestUtil.h; sourceTree = "<group>"; };
		9CC40DDF2AB03E5F00E5C253 /* GMTestModel.h */ = {isa = PBXFileReference; fileEncoding = 4; lastKnownFileType = sourcecode.c.h; path = GMTestModel.h; sourceTree = "<group>"; };
		9CCDFC0C2B357087004E50AD /* GMObjC Mac Demo.app */ = {isa = PBXFileReference; explicitFileType = wrapper.application; includeInIndex = 0; path = "GMObjC Mac Demo.app"; sourceTree = BUILT_PRODUCTS_DIR; };
		9CCDFC0E2B357087004E50AD /* AppDelegate.swift */ = {isa = PBXFileReference; lastKnownFileType = sourcecode.swift; path = AppDelegate.swift; sourceTree = "<group>"; };
		9CCDFC122B357088004E50AD /* Assets.xcassets */ = {isa = PBXFileReference; lastKnownFileType = folder.assetcatalog; path = Assets.xcassets; sourceTree = "<group>"; };
		9CCDFC172B357088004E50AD /* GMObjC_Mac_Demo.entitlements */ = {isa = PBXFileReference; lastKnownFileType = text.plist.entitlements; path = GMObjC_Mac_Demo.entitlements; sourceTree = "<group>"; };
		9CD523352B47E8ED0077D8E8 /* GMObjC_Mac_Demo-Bridging-Header.h */ = {isa = PBXFileReference; lastKnownFileType = sourcecode.c.h; path = "GMObjC_Mac_Demo-Bridging-Header.h"; sourceTree = "<group>"; };
		9CD523362B47EDB40077D8E8 /* GMTestCell.swift */ = {isa = PBXFileReference; lastKnownFileType = sourcecode.swift; path = GMTestCell.swift; sourceTree = "<group>"; };
		9CDD89962B396588000FE5C4 /* GMMainVC.swift */ = {isa = PBXFileReference; fileEncoding = 4; lastKnownFileType = sourcecode.swift; path = GMMainVC.swift; sourceTree = "<group>"; };
		9CF02FD12A6FBB25008B80DE /* bing-base64-chain.cer */ = {isa = PBXFileReference; fileEncoding = 4; lastKnownFileType = text; path = "bing-base64-chain.cer"; sourceTree = "<group>"; };
		9CF02FD22A6FBB25008B80DE /* github-der-single.cer */ = {isa = PBXFileReference; lastKnownFileType = file; path = "github-der-single.cer"; sourceTree = "<group>"; };
		9CF02FD32A6FBB25008B80DE /* bing-base64-single.cer */ = {isa = PBXFileReference; fileEncoding = 4; lastKnownFileType = text; path = "bing-base64-single.cer"; sourceTree = "<group>"; };
		9CF02FD42A6FBB25008B80DE /* bing-der-single.cer */ = {isa = PBXFileReference; lastKnownFileType = file; path = "bing-der-single.cer"; sourceTree = "<group>"; };
		9CF02FD62A6FBB25008B80DE /* github-base64-single.cer */ = {isa = PBXFileReference; fileEncoding = 4; lastKnownFileType = text; path = "github-base64-single.cer"; sourceTree = "<group>"; };
		9CF02FD82A6FBB25008B80DE /* github-base64-chain.cer */ = {isa = PBXFileReference; fileEncoding = 4; lastKnownFileType = text; path = "github-base64-chain.cer"; sourceTree = "<group>"; };
		A435991C6640EC8C28AD2FA7 /* Pods-GMObjC iOS Demo.debug.xcconfig */ = {isa = PBXFileReference; includeInIndex = 1; lastKnownFileType = text.xcconfig; name = "Pods-GMObjC iOS Demo.debug.xcconfig"; path = "Target Support Files/Pods-GMObjC iOS Demo/Pods-GMObjC iOS Demo.debug.xcconfig"; sourceTree = "<group>"; };
		E77C5DF90DF69822C35F1FB6 /* Pods-GMObjC Mac Demo.release.xcconfig */ = {isa = PBXFileReference; includeInIndex = 1; lastKnownFileType = text.xcconfig; name = "Pods-GMObjC Mac Demo.release.xcconfig"; path = "Target Support Files/Pods-GMObjC Mac Demo/Pods-GMObjC Mac Demo.release.xcconfig"; sourceTree = "<group>"; };
		E935FE42A13E06A08E1D0982 /* Pods-GMObjC iOS Demo.release.xcconfig */ = {isa = PBXFileReference; includeInIndex = 1; lastKnownFileType = text.xcconfig; name = "Pods-GMObjC iOS Demo.release.xcconfig"; path = "Target Support Files/Pods-GMObjC iOS Demo/Pods-GMObjC iOS Demo.release.xcconfig"; sourceTree = "<group>"; };
		F7BF8D599B17666EB4149051 /* Pods-GMObjC Mac Demo.debug.xcconfig */ = {isa = PBXFileReference; includeInIndex = 1; lastKnownFileType = text.xcconfig; name = "Pods-GMObjC Mac Demo.debug.xcconfig"; path = "Target Support Files/Pods-GMObjC Mac Demo/Pods-GMObjC Mac Demo.debug.xcconfig"; sourceTree = "<group>"; };
/* End PBXFileReference section */

/* Begin PBXFrameworksBuildPhase section */
		9C7458ED270FE3AD0062C1E5 /* Frameworks */ = {
			isa = PBXFrameworksBuildPhase;
			buildActionMask = 2147483647;
			files = (
				A9D35D54CE4CC29ED7ACDCFE /* libPods-GMObjC iOS Demo.a in Frameworks */,
			);
			runOnlyForDeploymentPostprocessing = 0;
		};
		9CCDFC092B357087004E50AD /* Frameworks */ = {
			isa = PBXFrameworksBuildPhase;
			buildActionMask = 2147483647;
			files = (
				0726408C77272FA3CBD0C416 /* libPods-GMObjC Mac Demo.a in Frameworks */,
			);
			runOnlyForDeploymentPostprocessing = 0;
		};
/* End PBXFrameworksBuildPhase section */

/* Begin PBXGroup section */
		56D0E04BA6AD31614EE08036 /* Frameworks */ = {
			isa = PBXGroup;
			children = (
				68E4A04DB15A16DA7ADA9CC6 /* libPods-GMObjC iOS Demo.a */,
				917BF1DEBB71D3B9589B967D /* libPods-GMObjC Mac Demo.a */,
			);
			name = Frameworks;
			sourceTree = "<group>";
		};
		80CC98608CB3E85AC33490DE /* Pods */ = {
			isa = PBXGroup;
			children = (
				A435991C6640EC8C28AD2FA7 /* Pods-GMObjC iOS Demo.debug.xcconfig */,
				E935FE42A13E06A08E1D0982 /* Pods-GMObjC iOS Demo.release.xcconfig */,
				F7BF8D599B17666EB4149051 /* Pods-GMObjC Mac Demo.debug.xcconfig */,
				E77C5DF90DF69822C35F1FB6 /* Pods-GMObjC Mac Demo.release.xcconfig */,
			);
			name = Pods;
			path = ../Pods;
			sourceTree = "<group>";
		};
		9C7458E7270FE3AD0062C1E5 = {
			isa = PBXGroup;
			children = (
				9CBB89B227101105008411A1 /* Tests Sources */,
				9C7458F2270FE3AD0062C1E5 /* GMObjC iOS Demo */,
				9CCDFC0D2B357087004E50AD /* GMObjC Mac Demo */,
				9C7458F1270FE3AD0062C1E5 /* Products */,
				80CC98608CB3E85AC33490DE /* Pods */,
				56D0E04BA6AD31614EE08036 /* Frameworks */,
			);
			sourceTree = "<group>";
		};
		9C7458F1270FE3AD0062C1E5 /* Products */ = {
			isa = PBXGroup;
			children = (
				9C7458F0270FE3AD0062C1E5 /* GMObjC iOS Demo.app */,
				9CCDFC0C2B357087004E50AD /* GMObjC Mac Demo.app */,
			);
			name = Products;
			sourceTree = "<group>";
		};
		9C7458F2270FE3AD0062C1E5 /* GMObjC iOS Demo */ = {
			isa = PBXGroup;
			children = (
				9C74590D270FE4790062C1E5 /* GMAppDelegate.h */,
				9C74590C270FE4790062C1E5 /* GMAppDelegate.m */,
				9C74590E270FE4790062C1E5 /* GMViewController.h */,
				9C74590F270FE4790062C1E5 /* GMViewController.m */,
				9CC40DD92AB03E5F00E5C253 /* GMViewTestSet */,
				9C7458FF270FE3AE0062C1E5 /* Assets.xcassets */,
				9C745901270FE3AE0062C1E5 /* LaunchScreen.storyboard */,
				9C745904270FE3AE0062C1E5 /* Info.plist */,
				9C745905270FE3AE0062C1E5 /* main.m */,
			);
			path = "GMObjC iOS Demo";
			sourceTree = "<group>";
		};
		9CBB89B227101105008411A1 /* Tests Sources */ = {
			isa = PBXGroup;
			children = (
				9CF02FCF2A6FBB25008B80DE /* x509_cer */,
				9CBB89B327101105008411A1 /* private_pem */,
				9CBB89BE27101105008411A1 /* private_der */,
				9CBB89C927101105008411A1 /* private_pkcs8_pem */,
				9CBB89D427101105008411A1 /* public_der */,
				9CBB89DF27101105008411A1 /* public_pem */,
				9CBB89EA27101106008411A1 /* sm4TestFile.txt */,
			);
			name = "Tests Sources";
			path = "../Tests/Tests Sources";
			sourceTree = "<group>";
		};
		9CBB89B327101105008411A1 /* private_pem */ = {
			isa = PBXGroup;
			children = (
				9CBB89BA27101105008411A1 /* sm2pri-1.pem */,
				9CBB89B827101105008411A1 /* sm2pri-2.pem */,
				9CBB89B927101105008411A1 /* sm2pri-3.pem */,
				9CBB89B427101105008411A1 /* sm2pri-4.pem */,
				9CBB89B527101105008411A1 /* sm2pri-5.pem */,
				9CBB89B727101105008411A1 /* sm2pri-6.pem */,
				9CBB89B627101105008411A1 /* sm2pri-7.pem */,
				9CBB89BC27101105008411A1 /* sm2pri-8.pem */,
				9CBB89BD27101105008411A1 /* sm2pri-9.pem */,
				9CBB89BB27101105008411A1 /* sm2pri-10.pem */,
			);
			path = private_pem;
			sourceTree = "<group>";
		};
		9CBB89BE27101105008411A1 /* private_der */ = {
			isa = PBXGroup;
			children = (
				9CBB89BF27101105008411A1 /* sm2pri-1.der */,
				9CBB89C127101105008411A1 /* sm2pri-2.der */,
				9CBB89C027101105008411A1 /* sm2pri-3.der */,
				9CBB89C527101105008411A1 /* sm2pri-4.der */,
				9CBB89C427101105008411A1 /* sm2pri-5.der */,
				9CBB89C227101105008411A1 /* sm2pri-6.der */,
				9CBB89C327101105008411A1 /* sm2pri-7.der */,
				9CBB89C727101105008411A1 /* sm2pri-8.der */,
				9CBB89C627101105008411A1 /* sm2pri-9.der */,
				9CBB89C827101105008411A1 /* sm2pri-10.der */,
			);
			path = private_der;
			sourceTree = "<group>";
		};
		9CBB89C927101105008411A1 /* private_pkcs8_pem */ = {
			isa = PBXGroup;
			children = (
				9CBB89CF27101105008411A1 /* sm2pri8-1.pem */,
				9CBB89CE27101105008411A1 /* sm2pri8-2.pem */,
				9CBB89CD27101105008411A1 /* sm2pri8-3.pem */,
				9CBB89D127101105008411A1 /* sm2pri8-4.pem */,
				9CBB89D027101105008411A1 /* sm2pri8-5.pem */,
				9CBB89D227101105008411A1 /* sm2pri8-6.pem */,
				9CBB89D327101105008411A1 /* sm2pri8-7.pem */,
				9CBB89CB27101105008411A1 /* sm2pri8-8.pem */,
				9CBB89CA27101105008411A1 /* sm2pri8-9.pem */,
				9CBB89CC27101105008411A1 /* sm2pri8-10.pem */,
			);
			path = private_pkcs8_pem;
			sourceTree = "<group>";
		};
		9CBB89D427101105008411A1 /* public_der */ = {
			isa = PBXGroup;
			children = (
				9CBB89D527101105008411A1 /* sm2pub-1.der */,
				9CBB89D627101105008411A1 /* sm2pub-2.der */,
				9CBB89D727101105008411A1 /* sm2pub-3.der */,
				9CBB89DA27101105008411A1 /* sm2pub-4.der */,
				9CBB89DB27101105008411A1 /* sm2pub-5.der */,
				9CBB89D927101105008411A1 /* sm2pub-6.der */,
				9CBB89D827101105008411A1 /* sm2pub-7.der */,
				9CBB89DC27101105008411A1 /* sm2pub-8.der */,
				9CBB89DD27101105008411A1 /* sm2pub-9.der */,
				9CBB89DE27101105008411A1 /* sm2pub-10.der */,
			);
			path = public_der;
			sourceTree = "<group>";
		};
		9CBB89DF27101105008411A1 /* public_pem */ = {
			isa = PBXGroup;
			children = (
				9CBB89E627101106008411A1 /* sm2pub-1.pem */,
				9CBB89E527101106008411A1 /* sm2pub-2.pem */,
				9CBB89E427101106008411A1 /* sm2pub-3.pem */,
				9CBB89E127101106008411A1 /* sm2pub-4.pem */,
				9CBB89E027101105008411A1 /* sm2pub-5.pem */,
				9CBB89E227101106008411A1 /* sm2pub-6.pem */,
				9CBB89E327101106008411A1 /* sm2pub-7.pem */,
				9CBB89E927101106008411A1 /* sm2pub-8.pem */,
				9CBB89E827101106008411A1 /* sm2pub-9.pem */,
				9CBB89E727101106008411A1 /* sm2pub-10.pem */,
			);
			path = public_pem;
			sourceTree = "<group>";
		};
		9CC40DD92AB03E5F00E5C253 /* GMViewTestSet */ = {
			isa = PBXGroup;
			children = (
				9CC40DDA2AB03E5F00E5C253 /* GMTestCell.h */,
				9CC40DDD2AB03E5F00E5C253 /* GMTestCell.m */,
				9CC40DDF2AB03E5F00E5C253 /* GMTestModel.h */,
				9CC40DDB2AB03E5F00E5C253 /* GMTestModel.m */,
				9CC40DDE2AB03E5F00E5C253 /* GMTestUtil.h */,
				9CC40DDC2AB03E5F00E5C253 /* GMTestUtil.m */,
			);
			path = GMViewTestSet;
			sourceTree = "<group>";
		};
		9CCDFC0D2B357087004E50AD /* GMObjC Mac Demo */ = {
			isa = PBXGroup;
			children = (
				9CCDFC0E2B357087004E50AD /* AppDelegate.swift */,
				9CDD89962B396588000FE5C4 /* GMMainVC.swift */,
				9CD523362B47EDB40077D8E8 /* GMTestCell.swift */,
				9CD523352B47E8ED0077D8E8 /* GMObjC_Mac_Demo-Bridging-Header.h */,
				9CCDFC122B357088004E50AD /* Assets.xcassets */,
				9CCDFC172B357088004E50AD /* GMObjC_Mac_Demo.entitlements */,
				9CB630D02B3A9DE90017AE18 /* main.swift */,
			);
			path = "GMObjC Mac Demo";
			sourceTree = "<group>";
		};
		9CF02FCF2A6FBB25008B80DE /* x509_cer */ = {
			isa = PBXGroup;
			children = (
				9CF02FD12A6FBB25008B80DE /* bing-base64-chain.cer */,
				9CF02FD32A6FBB25008B80DE /* bing-base64-single.cer */,
				9CF02FD42A6FBB25008B80DE /* bing-der-single.cer */,
				9CF02FD82A6FBB25008B80DE /* github-base64-chain.cer */,
				9CF02FD62A6FBB25008B80DE /* github-base64-single.cer */,
				9CF02FD22A6FBB25008B80DE /* github-der-single.cer */,
			);
			path = x509_cer;
			sourceTree = "<group>";
		};
/* End PBXGroup section */

/* Begin PBXNativeTarget section */
		9C7458EF270FE3AD0062C1E5 /* GMObjC iOS Demo */ = {
			isa = PBXNativeTarget;
			buildConfigurationList = 9C745909270FE3AE0062C1E5 /* Build configuration list for PBXNativeTarget "GMObjC iOS Demo" */;
			buildPhases = (
				5E9C1840FE79A2D0A747A7E1 /* [CP] Check Pods Manifest.lock */,
				9C7458EC270FE3AD0062C1E5 /* Sources */,
				9C7458ED270FE3AD0062C1E5 /* Frameworks */,
				9C7458EE270FE3AD0062C1E5 /* Resources */,
				CCD0D2106FB1AA8CA1F500E2 /* [CP] Copy Pods Resources */,
			);
			buildRules = (
			);
			dependencies = (
			);
			name = "GMObjC iOS Demo";
			productName = GMObjCDemo;
			productReference = 9C7458F0270FE3AD0062C1E5 /* GMObjC iOS Demo.app */;
			productType = "com.apple.product-type.application";
		};
		9CCDFC0B2B357087004E50AD /* GMObjC Mac Demo */ = {
			isa = PBXNativeTarget;
			buildConfigurationList = 9CCDFC1A2B357088004E50AD /* Build configuration list for PBXNativeTarget "GMObjC Mac Demo" */;
			buildPhases = (
				C9AF4EDC22B76D9C13A486CC /* [CP] Check Pods Manifest.lock */,
				9CCDFC082B357087004E50AD /* Sources */,
				9CCDFC092B357087004E50AD /* Frameworks */,
				9CCDFC0A2B357087004E50AD /* Resources */,
				D317BBB10BAFBBC27C802CF8 /* [CP] Copy Pods Resources */,
			);
			buildRules = (
			);
			dependencies = (
			);
			name = "GMObjC Mac Demo";
			productName = "GMObjC Mac Demo";
			productReference = 9CCDFC0C2B357087004E50AD /* GMObjC Mac Demo.app */;
			productType = "com.apple.product-type.application";
		};
/* End PBXNativeTarget section */

/* Begin PBXProject section */
		9C7458E8270FE3AD0062C1E5 /* Project object */ = {
			isa = PBXProject;
			attributes = {
				BuildIndependentTargetsInParallel = 1;
				LastSwiftUpdateCheck = 1410;
				LastUpgradeCheck = 1510;
				TargetAttributes = {
					9C7458EF270FE3AD0062C1E5 = {
						CreatedOnToolsVersion = 13.0;
					};
					9CCDFC0B2B357087004E50AD = {
						CreatedOnToolsVersion = 14.1;
					};
				};
			};
			buildConfigurationList = 9C7458EB270FE3AD0062C1E5 /* Build configuration list for PBXProject "GMObjCDemo" */;
			compatibilityVersion = "Xcode 13.0";
			developmentRegion = en;
			hasScannedForEncodings = 0;
			knownRegions = (
				en,
				Base,
			);
			mainGroup = 9C7458E7270FE3AD0062C1E5;
			productRefGroup = 9C7458F1270FE3AD0062C1E5 /* Products */;
			projectDirPath = "";
			projectRoot = "";
			targets = (
				9C7458EF270FE3AD0062C1E5 /* GMObjC iOS Demo */,
				9CCDFC0B2B357087004E50AD /* GMObjC Mac Demo */,
			);
		};
/* End PBXProject section */

/* Begin PBXResourcesBuildPhase section */
		9C7458EE270FE3AD0062C1E5 /* Resources */ = {
			isa = PBXResourcesBuildPhase;
			buildActionMask = 2147483647;
			files = (
				9CBB8A1927101106008411A1 /* sm2pub-1.pem in Resources */,
				9CBB89FC27101106008411A1 /* sm2pri-9.der in Resources */,
				9CBB8A1627101106008411A1 /* sm2pub-7.pem in Resources */,
				9CBB89F227101106008411A1 /* sm2pri-10.pem in Resources */,
				9CBB89F127101106008411A1 /* sm2pri-1.pem in Resources */,
				9CBB8A0A27101106008411A1 /* sm2pub-2.der in Resources */,
				9CBB8A0B27101106008411A1 /* sm2pub-3.der in Resources */,
				9CBB89EF27101106008411A1 /* sm2pri-2.pem in Resources */,
				9CBB8A0C27101106008411A1 /* sm2pub-7.der in Resources */,
				9CBB89F427101106008411A1 /* sm2pri-9.pem in Resources */,
				9CBB8A1327101106008411A1 /* sm2pub-5.pem in Resources */,
				9CBB89FA27101106008411A1 /* sm2pri-5.der in Resources */,
				9CBB89F927101106008411A1 /* sm2pri-7.der in Resources */,
				9CF02FDE2A6FBB25008B80DE /* bing-der-single.cer in Resources */,
				9CBB89F027101106008411A1 /* sm2pri-3.pem in Resources */,
				9CBB8A0327101106008411A1 /* sm2pri8-2.pem in Resources */,
				9CBB89F827101106008411A1 /* sm2pri-6.der in Resources */,
				9CBB8A1A27101106008411A1 /* sm2pub-10.pem in Resources */,
				9CBB89EE27101106008411A1 /* sm2pri-6.pem in Resources */,
				9CBB8A0127101106008411A1 /* sm2pri8-10.pem in Resources */,
				9CBB8A0927101106008411A1 /* sm2pub-1.der in Resources */,
				9CBB8A1B27101106008411A1 /* sm2pub-9.pem in Resources */,
				9CBB89EB27101106008411A1 /* sm2pri-4.pem in Resources */,
				9CF02FDD2A6FBB25008B80DE /* bing-base64-single.cer in Resources */,
				9CBB8A1C27101106008411A1 /* sm2pub-8.pem in Resources */,
				9CBB8A1727101106008411A1 /* sm2pub-3.pem in Resources */,
				9CBB8A1827101106008411A1 /* sm2pub-2.pem in Resources */,
				9CBB8A1D27101106008411A1 /* sm4TestFile.txt in Resources */,
				9CBB89ED27101106008411A1 /* sm2pri-7.pem in Resources */,
				9CBB89F627101106008411A1 /* sm2pri-3.der in Resources */,
				9CBB8A1527101106008411A1 /* sm2pub-6.pem in Resources */,
				9CBB8A1027101106008411A1 /* sm2pub-8.der in Resources */,
				9CBB89FE27101106008411A1 /* sm2pri-10.der in Resources */,
				9CBB89F527101106008411A1 /* sm2pri-1.der in Resources */,
				9CBB8A0F27101106008411A1 /* sm2pub-5.der in Resources */,
				9CBB8A0627101106008411A1 /* sm2pri8-4.pem in Resources */,
				9CBB8A0227101106008411A1 /* sm2pri8-3.pem in Resources */,
				9CBB89F727101106008411A1 /* sm2pri-2.der in Resources */,
				9CBB89FB27101106008411A1 /* sm2pri-4.der in Resources */,
				9CBB8A1227101106008411A1 /* sm2pub-10.der in Resources */,
				9CF02FDC2A6FBB25008B80DE /* github-der-single.cer in Resources */,
				9CF02FE22A6FBB25008B80DE /* github-base64-chain.cer in Resources */,
				9CBB8A0427101106008411A1 /* sm2pri8-1.pem in Resources */,
				9CBB8A1427101106008411A1 /* sm2pub-4.pem in Resources */,
				9CBB8A0827101106008411A1 /* sm2pri8-7.pem in Resources */,
				9CBB89FF27101106008411A1 /* sm2pri8-9.pem in Resources */,
				9CBB8A1127101106008411A1 /* sm2pub-9.der in Resources */,
				9CBB89FD27101106008411A1 /* sm2pri-8.der in Resources */,
				9CBB8A0D27101106008411A1 /* sm2pub-6.der in Resources */,
				9CF02FDB2A6FBB25008B80DE /* bing-base64-chain.cer in Resources */,
				9C745903270FE3AE0062C1E5 /* LaunchScreen.storyboard in Resources */,
				9CF02FE02A6FBB25008B80DE /* github-base64-single.cer in Resources */,
				9CBB89F327101106008411A1 /* sm2pri-8.pem in Resources */,
				9C745900270FE3AE0062C1E5 /* Assets.xcassets in Resources */,
				9CBB8A0527101106008411A1 /* sm2pri8-5.pem in Resources */,
				9CBB89EC27101106008411A1 /* sm2pri-5.pem in Resources */,
				9CBB8A0E27101106008411A1 /* sm2pub-4.der in Resources */,
				9CBB8A0027101106008411A1 /* sm2pri8-8.pem in Resources */,
				9CBB8A0727101106008411A1 /* sm2pri8-6.pem in Resources */,
			);
			runOnlyForDeploymentPostprocessing = 0;
		};
		9CCDFC0A2B357087004E50AD /* Resources */ = {
			isa = PBXResourcesBuildPhase;
			buildActionMask = 2147483647;
			files = (
				9CE013442B5E4B0C00F49627 /* sm2pub-6.pem in Resources */,
				9CE013402B5E4B0000F49627 /* sm2pub-5.der in Resources */,
				9CE013292B5E4AF400F49627 /* sm2pri-6.der in Resources */,
				9CE0131E2B5E4ADF00F49627 /* sm2pri-6.pem in Resources */,
				9CE013432B5E4B0C00F49627 /* sm2pub-9.pem in Resources */,
				9CE0131C2B5E4ADF00F49627 /* sm2pri-10.pem in Resources */,
				9CE0131B2B5E4ADF00F49627 /* sm2pri-9.pem in Resources */,
				9CE013172B5E4AD700F49627 /* bing-base64-single.cer in Resources */,
				9CE0132B2B5E4AF400F49627 /* sm2pri-1.der in Resources */,
				9CE013232B5E4ADF00F49627 /* sm2pri-3.pem in Resources */,
				9CE013162B5E4AD700F49627 /* github-base64-single.cer in Resources */,
				9CE0134B2B5E4B0C00F49627 /* sm2pub-3.pem in Resources */,
				9CE013152B5E4AD700F49627 /* github-base64-chain.cer in Resources */,
				9CE013392B5E4B0000F49627 /* sm2pub-6.der in Resources */,
				9CE013412B5E4B0000F49627 /* sm2pub-1.der in Resources */,
				9CE0132C2B5E4AF400F49627 /* sm2pri-2.der in Resources */,
				9CE0133D2B5E4B0000F49627 /* sm2pub-10.der in Resources */,
				9CE013212B5E4ADF00F49627 /* sm2pri-7.pem in Resources */,
				9CE013332B5E4AFB00F49627 /* sm2pri8-6.pem in Resources */,
				9CE0133B2B5E4B0000F49627 /* sm2pub-8.der in Resources */,
				9CE0131A2B5E4ADF00F49627 /* sm2pri-5.pem in Resources */,
				9CE013452B5E4B0C00F49627 /* sm2pub-4.pem in Resources */,
				9CE013462B5E4B0C00F49627 /* sm2pub-7.pem in Resources */,
				9CE013472B5E4B0C00F49627 /* sm2pub-10.pem in Resources */,
				9CE0133A2B5E4B0000F49627 /* sm2pub-3.der in Resources */,
				9CE013372B5E4AFB00F49627 /* sm2pri8-10.pem in Resources */,
				9CE0132A2B5E4AF400F49627 /* sm2pri-3.der in Resources */,
				9CE0132D2B5E4AF400F49627 /* sm2pri-5.der in Resources */,
				9CE013382B5E4B0000F49627 /* sm2pub-7.der in Resources */,
				9CE0132F2B5E4AFB00F49627 /* sm2pri8-4.pem in Resources */,
				9CE013482B5E4B0C00F49627 /* sm2pub-1.pem in Resources */,
				9CE0133C2B5E4B0000F49627 /* sm2pub-4.der in Resources */,
				9CE013342B5E4AFB00F49627 /* sm2pri8-3.pem in Resources */,
				9CE013422B5E4B0C00F49627 /* sm2pub-8.pem in Resources */,
				9CE0133F2B5E4B0000F49627 /* sm2pub-9.der in Resources */,
				9CE0132E2B5E4AFB00F49627 /* sm2pri8-7.pem in Resources */,
				9CE013322B5E4AFB00F49627 /* sm2pri8-1.pem in Resources */,
				9CE0131F2B5E4ADF00F49627 /* sm2pri-2.pem in Resources */,
				9CE013362B5E4AFB00F49627 /* sm2pri8-9.pem in Resources */,
				9CE0131D2B5E4ADF00F49627 /* sm2pri-4.pem in Resources */,
				9CE0133E2B5E4B0000F49627 /* sm2pub-2.der in Resources */,
				9CE013492B5E4B0C00F49627 /* sm2pub-2.pem in Resources */,
				9CE013312B5E4AFB00F49627 /* sm2pri8-8.pem in Resources */,
				9CE0134C2B5E4B1200F49627 /* sm4TestFile.txt in Resources */,
				9CE013182B5E4AD700F49627 /* bing-base64-chain.cer in Resources */,
				9CE013192B5E4AD700F49627 /* github-der-single.cer in Resources */,
				9CE013302B5E4AFB00F49627 /* sm2pri8-5.pem in Resources */,
				9CE013202B5E4ADF00F49627 /* sm2pri-1.pem in Resources */,
				9CE013352B5E4AFB00F49627 /* sm2pri8-2.pem in Resources */,
				9CE0134A2B5E4B0C00F49627 /* sm2pub-5.pem in Resources */,
				9CE013282B5E4AF400F49627 /* sm2pri-9.der in Resources */,
				9CE013252B5E4AF400F49627 /* sm2pri-7.der in Resources */,
				9CE013262B5E4AF400F49627 /* sm2pri-4.der in Resources */,
				9CE013272B5E4AF400F49627 /* sm2pri-8.der in Resources */,
				9CE013142B5E4AD700F49627 /* bing-der-single.cer in Resources */,
				9CE013222B5E4ADF00F49627 /* sm2pri-8.pem in Resources */,
				9CCDFC132B357088004E50AD /* Assets.xcassets in Resources */,
				9CE013242B5E4AF400F49627 /* sm2pri-10.der in Resources */,
			);
			runOnlyForDeploymentPostprocessing = 0;
		};
/* End PBXResourcesBuildPhase section */

/* Begin PBXShellScriptBuildPhase section */
		5E9C1840FE79A2D0A747A7E1 /* [CP] Check Pods Manifest.lock */ = {
			isa = PBXShellScriptBuildPhase;
			buildActionMask = 2147483647;
			files = (
			);
			inputFileListPaths = (
			);
			inputPaths = (
				"${PODS_PODFILE_DIR_PATH}/Podfile.lock",
				"${PODS_ROOT}/Manifest.lock",
			);
			name = "[CP] Check Pods Manifest.lock";
			outputFileListPaths = (
			);
			outputPaths = (
				"$(DERIVED_FILE_DIR)/Pods-GMObjC iOS Demo-checkManifestLockResult.txt",
			);
			runOnlyForDeploymentPostprocessing = 0;
			shellPath = /bin/sh;
			shellScript = "diff \"${PODS_PODFILE_DIR_PATH}/Podfile.lock\" \"${PODS_ROOT}/Manifest.lock\" > /dev/null\nif [ $? != 0 ] ; then\n    # print error to STDERR\n    echo \"error: The sandbox is not in sync with the Podfile.lock. Run 'pod install' or update your CocoaPods installation.\" >&2\n    exit 1\nfi\n# This output is used by Xcode 'outputs' to avoid re-running this script phase.\necho \"SUCCESS\" > \"${SCRIPT_OUTPUT_FILE_0}\"\n";
			showEnvVarsInLog = 0;
		};
		C9AF4EDC22B76D9C13A486CC /* [CP] Check Pods Manifest.lock */ = {
			isa = PBXShellScriptBuildPhase;
			buildActionMask = 2147483647;
			files = (
			);
			inputFileListPaths = (
			);
			inputPaths = (
				"${PODS_PODFILE_DIR_PATH}/Podfile.lock",
				"${PODS_ROOT}/Manifest.lock",
			);
			name = "[CP] Check Pods Manifest.lock";
			outputFileListPaths = (
			);
			outputPaths = (
				"$(DERIVED_FILE_DIR)/Pods-GMObjC Mac Demo-checkManifestLockResult.txt",
			);
			runOnlyForDeploymentPostprocessing = 0;
			shellPath = /bin/sh;
			shellScript = "diff \"${PODS_PODFILE_DIR_PATH}/Podfile.lock\" \"${PODS_ROOT}/Manifest.lock\" > /dev/null\nif [ $? != 0 ] ; then\n    # print error to STDERR\n    echo \"error: The sandbox is not in sync with the Podfile.lock. Run 'pod install' or update your CocoaPods installation.\" >&2\n    exit 1\nfi\n# This output is used by Xcode 'outputs' to avoid re-running this script phase.\necho \"SUCCESS\" > \"${SCRIPT_OUTPUT_FILE_0}\"\n";
			showEnvVarsInLog = 0;
		};
		CCD0D2106FB1AA8CA1F500E2 /* [CP] Copy Pods Resources */ = {
			isa = PBXShellScriptBuildPhase;
			buildActionMask = 2147483647;
			files = (
			);
			inputFileListPaths = (
				"${PODS_ROOT}/Target Support Files/Pods-GMObjC iOS Demo/Pods-GMObjC iOS Demo-resources-${CONFIGURATION}-input-files.xcfilelist",
			);
			name = "[CP] Copy Pods Resources";
			outputFileListPaths = (
				"${PODS_ROOT}/Target Support Files/Pods-GMObjC iOS Demo/Pods-GMObjC iOS Demo-resources-${CONFIGURATION}-output-files.xcfilelist",
			);
			runOnlyForDeploymentPostprocessing = 0;
			shellPath = /bin/sh;
			shellScript = "\"${PODS_ROOT}/Target Support Files/Pods-GMObjC iOS Demo/Pods-GMObjC iOS Demo-resources.sh\"\n";
			showEnvVarsInLog = 0;
		};
		D317BBB10BAFBBC27C802CF8 /* [CP] Copy Pods Resources */ = {
			isa = PBXShellScriptBuildPhase;
			buildActionMask = 2147483647;
			files = (
			);
			inputFileListPaths = (
				"${PODS_ROOT}/Target Support Files/Pods-GMObjC Mac Demo/Pods-GMObjC Mac Demo-resources-${CONFIGURATION}-input-files.xcfilelist",
			);
			name = "[CP] Copy Pods Resources";
			outputFileListPaths = (
				"${PODS_ROOT}/Target Support Files/Pods-GMObjC Mac Demo/Pods-GMObjC Mac Demo-resources-${CONFIGURATION}-output-files.xcfilelist",
			);
			runOnlyForDeploymentPostprocessing = 0;
			shellPath = /bin/sh;
			shellScript = "\"${PODS_ROOT}/Target Support Files/Pods-GMObjC Mac Demo/Pods-GMObjC Mac Demo-resources.sh\"\n";
			showEnvVarsInLog = 0;
		};
/* End PBXShellScriptBuildPhase section */

/* Begin PBXSourcesBuildPhase section */
		9C7458EC270FE3AD0062C1E5 /* Sources */ = {
			isa = PBXSourcesBuildPhase;
			buildActionMask = 2147483647;
			files = (
				9C745911270FE4790062C1E5 /* GMViewController.m in Sources */,
				9CC40DE22AB03E5F00E5C253 /* GMTestCell.m in Sources */,
				9CC40DE02AB03E5F00E5C253 /* GMTestModel.m in Sources */,
				9CC40DE12AB03E5F00E5C253 /* GMTestUtil.m in Sources */,
				9C745910270FE4790062C1E5 /* GMAppDelegate.m in Sources */,
				9C745906270FE3AE0062C1E5 /* main.m in Sources */,
			);
			runOnlyForDeploymentPostprocessing = 0;
		};
		9CCDFC082B357087004E50AD /* Sources */ = {
			isa = PBXSourcesBuildPhase;
			buildActionMask = 2147483647;
			files = (
				9C7FE7962B395605006AE995 /* GMTestModel.m in Sources */,
				9C4BA10E2B3AD613007EB1ED /* main.swift in Sources */,
				9C7FE7952B3955DD006AE995 /* GMTestUtil.m in Sources */,
				9CDD89972B396588000FE5C4 /* GMMainVC.swift in Sources */,
				9CCDFC0F2B357087004E50AD /* AppDelegate.swift in Sources */,
				9CD523372B47EDB40077D8E8 /* GMTestCell.swift in Sources */,
			);
			runOnlyForDeploymentPostprocessing = 0;
		};
/* End PBXSourcesBuildPhase section */

/* Begin PBXVariantGroup section */
		9C745901270FE3AE0062C1E5 /* LaunchScreen.storyboard */ = {
			isa = PBXVariantGroup;
			children = (
				9C745902270FE3AE0062C1E5 /* Base */,
			);
			name = LaunchScreen.storyboard;
			sourceTree = "<group>";
		};
/* End PBXVariantGroup section */

/* Begin XCBuildConfiguration section */
		9C745907270FE3AE0062C1E5 /* Debug */ = {
			isa = XCBuildConfiguration;
			buildSettings = {
				ALWAYS_SEARCH_USER_PATHS = NO;
				CLANG_ANALYZER_NONNULL = YES;
				CLANG_ANALYZER_NUMBER_OBJECT_CONVERSION = YES_AGGRESSIVE;
				CLANG_CXX_LANGUAGE_STANDARD = "gnu++17";
				CLANG_CXX_LIBRARY = "libc++";
				CLANG_ENABLE_MODULES = YES;
				CLANG_ENABLE_OBJC_ARC = YES;
				CLANG_ENABLE_OBJC_WEAK = YES;
				CLANG_WARN_BLOCK_CAPTURE_AUTORELEASING = YES;
				CLANG_WARN_BOOL_CONVERSION = YES;
				CLANG_WARN_COMMA = YES;
				CLANG_WARN_CONSTANT_CONVERSION = YES;
				CLANG_WARN_DEPRECATED_OBJC_IMPLEMENTATIONS = YES;
				CLANG_WARN_DIRECT_OBJC_ISA_USAGE = YES_ERROR;
				CLANG_WARN_DOCUMENTATION_COMMENTS = YES;
				CLANG_WARN_EMPTY_BODY = YES;
				CLANG_WARN_ENUM_CONVERSION = YES;
				CLANG_WARN_INFINITE_RECURSION = YES;
				CLANG_WARN_INT_CONVERSION = YES;
				CLANG_WARN_NON_LITERAL_NULL_CONVERSION = YES;
				CLANG_WARN_OBJC_IMPLICIT_RETAIN_SELF = YES;
				CLANG_WARN_OBJC_LITERAL_CONVERSION = YES;
				CLANG_WARN_OBJC_ROOT_CLASS = YES_ERROR;
				CLANG_WARN_QUOTED_INCLUDE_IN_FRAMEWORK_HEADER = YES;
				CLANG_WARN_RANGE_LOOP_ANALYSIS = YES;
				CLANG_WARN_STRICT_PROTOTYPES = YES;
				CLANG_WARN_SUSPICIOUS_MOVE = YES;
				CLANG_WARN_UNGUARDED_AVAILABILITY = YES_AGGRESSIVE;
				CLANG_WARN_UNREACHABLE_CODE = YES;
				CLANG_WARN__DUPLICATE_METHOD_MATCH = YES;
				COPY_PHASE_STRIP = NO;
				DEBUG_INFORMATION_FORMAT = dwarf;
				ENABLE_STRICT_OBJC_MSGSEND = YES;
				ENABLE_TESTABILITY = YES;
				ENABLE_USER_SCRIPT_SANDBOXING = YES;
				GCC_C_LANGUAGE_STANDARD = gnu11;
				GCC_DYNAMIC_NO_PIC = NO;
				GCC_NO_COMMON_BLOCKS = YES;
				GCC_OPTIMIZATION_LEVEL = 0;
				GCC_PREPROCESSOR_DEFINITIONS = (
					"DEBUG=1",
					"$(inherited)",
				);
				GCC_WARN_64_TO_32_BIT_CONVERSION = YES;
				GCC_WARN_ABOUT_RETURN_TYPE = YES_ERROR;
				GCC_WARN_UNDECLARED_SELECTOR = YES;
				GCC_WARN_UNINITIALIZED_AUTOS = YES_AGGRESSIVE;
				GCC_WARN_UNUSED_FUNCTION = YES;
				GCC_WARN_UNUSED_VARIABLE = YES;
				IPHONEOS_DEPLOYMENT_TARGET = 12.0;
				MACOSX_DEPLOYMENT_TARGET = 10.13;
				MTL_ENABLE_DEBUG_INFO = INCLUDE_SOURCE;
				MTL_FAST_MATH = YES;
				ONLY_ACTIVE_ARCH = YES;
				SDKROOT = iphoneos;
			};
			name = Debug;
		};
		9C745908270FE3AE0062C1E5 /* Release */ = {
			isa = XCBuildConfiguration;
			buildSettings = {
				ALWAYS_SEARCH_USER_PATHS = NO;
				CLANG_ANALYZER_NONNULL = YES;
				CLANG_ANALYZER_NUMBER_OBJECT_CONVERSION = YES_AGGRESSIVE;
				CLANG_CXX_LANGUAGE_STANDARD = "gnu++17";
				CLANG_CXX_LIBRARY = "libc++";
				CLANG_ENABLE_MODULES = YES;
				CLANG_ENABLE_OBJC_ARC = YES;
				CLANG_ENABLE_OBJC_WEAK = YES;
				CLANG_WARN_BLOCK_CAPTURE_AUTORELEASING = YES;
				CLANG_WARN_BOOL_CONVERSION = YES;
				CLANG_WARN_COMMA = YES;
				CLANG_WARN_CONSTANT_CONVERSION = YES;
				CLANG_WARN_DEPRECATED_OBJC_IMPLEMENTATIONS = YES;
				CLANG_WARN_DIRECT_OBJC_ISA_USAGE = YES_ERROR;
				CLANG_WARN_DOCUMENTATION_COMMENTS = YES;
				CLANG_WARN_EMPTY_BODY = YES;
				CLANG_WARN_ENUM_CONVERSION = YES;
				CLANG_WARN_INFINITE_RECURSION = YES;
				CLANG_WARN_INT_CONVERSION = YES;
				CLANG_WARN_NON_LITERAL_NULL_CONVERSION = YES;
				CLANG_WARN_OBJC_IMPLICIT_RETAIN_SELF = YES;
				CLANG_WARN_OBJC_LITERAL_CONVERSION = YES;
				CLANG_WARN_OBJC_ROOT_CLASS = YES_ERROR;
				CLANG_WARN_QUOTED_INCLUDE_IN_FRAMEWORK_HEADER = YES;
				CLANG_WARN_RANGE_LOOP_ANALYSIS = YES;
				CLANG_WARN_STRICT_PROTOTYPES = YES;
				CLANG_WARN_SUSPICIOUS_MOVE = YES;
				CLANG_WARN_UNGUARDED_AVAILABILITY = YES_AGGRESSIVE;
				CLANG_WARN_UNREACHABLE_CODE = YES;
				CLANG_WARN__DUPLICATE_METHOD_MATCH = YES;
				COPY_PHASE_STRIP = NO;
				DEBUG_INFORMATION_FORMAT = "dwarf-with-dsym";
				ENABLE_NS_ASSERTIONS = NO;
				ENABLE_STRICT_OBJC_MSGSEND = YES;
				ENABLE_USER_SCRIPT_SANDBOXING = YES;
				GCC_C_LANGUAGE_STANDARD = gnu11;
				GCC_NO_COMMON_BLOCKS = YES;
				GCC_WARN_64_TO_32_BIT_CONVERSION = YES;
				GCC_WARN_ABOUT_RETURN_TYPE = YES_ERROR;
				GCC_WARN_UNDECLARED_SELECTOR = YES;
				GCC_WARN_UNINITIALIZED_AUTOS = YES_AGGRESSIVE;
				GCC_WARN_UNUSED_FUNCTION = YES;
				GCC_WARN_UNUSED_VARIABLE = YES;
				IPHONEOS_DEPLOYMENT_TARGET = 12.0;
				MACOSX_DEPLOYMENT_TARGET = 10.13;
				MTL_ENABLE_DEBUG_INFO = NO;
				MTL_FAST_MATH = YES;
				SDKROOT = iphoneos;
				SWIFT_COMPILATION_MODE = wholemodule;
				VALIDATE_PRODUCT = YES;
			};
			name = Release;
		};
		9C74590A270FE3AE0062C1E5 /* Debug */ = {
			isa = XCBuildConfiguration;
			baseConfigurationReference = A435991C6640EC8C28AD2FA7 /* Pods-GMObjC iOS Demo.debug.xcconfig */;
			buildSettings = {
				ASSETCATALOG_COMPILER_APPICON_NAME = AppIcon;
				ASSETCATALOG_COMPILER_GLOBAL_ACCENT_COLOR_NAME = AccentColor;
				CODE_SIGN_IDENTITY = "Apple Development";
				CODE_SIGN_STYLE = Automatic;
				CURRENT_PROJECT_VERSION = 1;
				DEVELOPMENT_TEAM = 9CA5KUE8T7;
				ENABLE_USER_SCRIPT_SANDBOXING = NO;
				GENERATE_INFOPLIST_FILE = YES;
				INFOPLIST_FILE = "GMObjC iOS Demo/Info.plist";
				INFOPLIST_KEY_CFBundleDisplayName = GMObjC;
				INFOPLIST_KEY_UIApplicationSupportsIndirectInputEvents = YES;
				INFOPLIST_KEY_UILaunchStoryboardName = LaunchScreen;
				INFOPLIST_KEY_UISupportedInterfaceOrientations_iPad = "UIInterfaceOrientationPortrait UIInterfaceOrientationPortraitUpsideDown UIInterfaceOrientationLandscapeLeft UIInterfaceOrientationLandscapeRight";
				INFOPLIST_KEY_UISupportedInterfaceOrientations_iPhone = "UIInterfaceOrientationPortrait UIInterfaceOrientationLandscapeLeft UIInterfaceOrientationLandscapeRight";
				LD_RUNPATH_SEARCH_PATHS = (
					"$(inherited)",
					"@executable_path/Frameworks",
				);
				MARKETING_VERSION = 1.0;
				PRODUCT_BUNDLE_IDENTIFIER = com.jinher.jingquezhili;
				PRODUCT_NAME = "$(TARGET_NAME)";
				PROVISIONING_PROFILE_SPECIFIER = "";
				SWIFT_EMIT_LOC_STRINGS = YES;
				TARGETED_DEVICE_FAMILY = "1,2";
				VALID_ARCHS = "arm64 arm64e x86_64";
			};
			name = Debug;
		};
		9C74590B270FE3AE0062C1E5 /* Release */ = {
			isa = XCBuildConfiguration;
			baseConfigurationReference = E935FE42A13E06A08E1D0982 /* Pods-GMObjC iOS Demo.release.xcconfig */;
			buildSettings = {
				ASSETCATALOG_COMPILER_APPICON_NAME = AppIcon;
				ASSETCATALOG_COMPILER_GLOBAL_ACCENT_COLOR_NAME = AccentColor;
				CODE_SIGN_IDENTITY = "Apple Development";
				CODE_SIGN_STYLE = Automatic;
				CURRENT_PROJECT_VERSION = 1;
				DEVELOPMENT_TEAM = 9CA5KUE8T7;
				ENABLE_USER_SCRIPT_SANDBOXING = NO;
				GENERATE_INFOPLIST_FILE = YES;
				INFOPLIST_FILE = "GMObjC iOS Demo/Info.plist";
				INFOPLIST_KEY_CFBundleDisplayName = GMObjC;
				INFOPLIST_KEY_UIApplicationSupportsIndirectInputEvents = YES;
				INFOPLIST_KEY_UILaunchStoryboardName = LaunchScreen;
				INFOPLIST_KEY_UISupportedInterfaceOrientations_iPad = "UIInterfaceOrientationPortrait UIInterfaceOrientationPortraitUpsideDown UIInterfaceOrientationLandscapeLeft UIInterfaceOrientationLandscapeRight";
				INFOPLIST_KEY_UISupportedInterfaceOrientations_iPhone = "UIInterfaceOrientationPortrait UIInterfaceOrientationLandscapeLeft UIInterfaceOrientationLandscapeRight";
				LD_RUNPATH_SEARCH_PATHS = (
					"$(inherited)",
					"@executable_path/Frameworks",
				);
				MARKETING_VERSION = 1.0;
				PRODUCT_BUNDLE_IDENTIFIER = com.jinher.jingquezhili;
				PRODUCT_NAME = "$(TARGET_NAME)";
				PROVISIONING_PROFILE_SPECIFIER = "";
				SWIFT_EMIT_LOC_STRINGS = YES;
				TARGETED_DEVICE_FAMILY = "1,2";
				VALID_ARCHS = "arm64 arm64e x86_64";
			};
			name = Release;
		};
		9CCDFC182B357088004E50AD /* Debug */ = {
			isa = XCBuildConfiguration;
			baseConfigurationReference = F7BF8D599B17666EB4149051 /* Pods-GMObjC Mac Demo.debug.xcconfig */;
			buildSettings = {
				ASSETCATALOG_COMPILER_APPICON_NAME = AppIcon;
				ASSETCATALOG_COMPILER_GLOBAL_ACCENT_COLOR_NAME = AccentColor;
				CLANG_CXX_LANGUAGE_STANDARD = "gnu++20";
				CODE_SIGN_ENTITLEMENTS = "GMObjC Mac Demo/GMObjC_Mac_Demo.entitlements";
				"CODE_SIGN_IDENTITY[sdk=macosx*]" = "Apple Development";
				CODE_SIGN_STYLE = Automatic;
				COMBINE_HIDPI_IMAGES = YES;
				CURRENT_PROJECT_VERSION = 1;
				DEAD_CODE_STRIPPING = YES;
				DEVELOPMENT_TEAM = 9CA5KUE8T7;
				ENABLE_HARDENED_RUNTIME = YES;
				ENABLE_USER_SCRIPT_SANDBOXING = NO;
				GENERATE_INFOPLIST_FILE = YES;
				INFOPLIST_KEY_NSHumanReadableCopyright = "";
				INFOPLIST_KEY_NSMainStoryboardFile = "";
				INFOPLIST_KEY_NSPrincipalClass = NSApplication;
				LD_RUNPATH_SEARCH_PATHS = (
					"$(inherited)",
					"@executable_path/../Frameworks",
				);
				MARKETING_VERSION = 1.0;
				PRODUCT_BUNDLE_IDENTIFIER = com.jinher.jingquezhili;
				PRODUCT_NAME = "$(TARGET_NAME)";
				SDKROOT = macosx;
				SWIFT_ACTIVE_COMPILATION_CONDITIONS = DEBUG;
				SWIFT_EMIT_LOC_STRINGS = YES;
				SWIFT_OBJC_BRIDGING_HEADER = "GMObjC Mac Demo/GMObjC_Mac_Demo-Bridging-Header.h";
				SWIFT_OPTIMIZATION_LEVEL = "-Onone";
				SWIFT_VERSION = 5.0;
			};
			name = Debug;
		};
		9CCDFC192B357088004E50AD /* Release */ = {
			isa = XCBuildConfiguration;
			baseConfigurationReference = E77C5DF90DF69822C35F1FB6 /* Pods-GMObjC Mac Demo.release.xcconfig */;
			buildSettings = {
				ASSETCATALOG_COMPILER_APPICON_NAME = AppIcon;
				ASSETCATALOG_COMPILER_GLOBAL_ACCENT_COLOR_NAME = AccentColor;
				CLANG_CXX_LANGUAGE_STANDARD = "gnu++20";
				CODE_SIGN_ENTITLEMENTS = "GMObjC Mac Demo/GMObjC_Mac_Demo.entitlements";
				"CODE_SIGN_IDENTITY[sdk=macosx*]" = "Apple Development";
				CODE_SIGN_STYLE = Automatic;
				COMBINE_HIDPI_IMAGES = YES;
				CURRENT_PROJECT_VERSION = 1;
				DEAD_CODE_STRIPPING = YES;
				DEVELOPMENT_TEAM = 9CA5KUE8T7;
				ENABLE_HARDENED_RUNTIME = YES;
				ENABLE_USER_SCRIPT_SANDBOXING = NO;
				GENERATE_INFOPLIST_FILE = YES;
				INFOPLIST_KEY_NSHumanReadableCopyright = "";
				INFOPLIST_KEY_NSMainStoryboardFile = "";
				INFOPLIST_KEY_NSPrincipalClass = NSApplication;
				LD_RUNPATH_SEARCH_PATHS = (
					"$(inherited)",
					"@executable_path/../Frameworks",
				);
				MARKETING_VERSION = 1.0;
				PRODUCT_BUNDLE_IDENTIFIER = com.jinher.jingquezhili;
				PRODUCT_NAME = "$(TARGET_NAME)";
				SDKROOT = macosx;
				SWIFT_COMPILATION_MODE = wholemodule;
				SWIFT_EMIT_LOC_STRINGS = YES;
				SWIFT_OBJC_BRIDGING_HEADER = "GMObjC Mac Demo/GMObjC_Mac_Demo-Bridging-Header.h";
				SWIFT_OPTIMIZATION_LEVEL = "-O";
				SWIFT_VERSION = 5.0;
			};
			name = Release;
		};
/* End XCBuildConfiguration section */

/* Begin XCConfigurationList section */
		9C7458EB270FE3AD0062C1E5 /* Build configuration list for PBXProject "GMObjCDemo" */ = {
			isa = XCConfigurationList;
			buildConfigurations = (
				9C745907270FE3AE0062C1E5 /* Debug */,
				9C745908270FE3AE0062C1E5 /* Release */,
			);
			defaultConfigurationIsVisible = 0;
			defaultConfigurationName = Release;
		};
		9C745909270FE3AE0062C1E5 /* Build configuration list for PBXNativeTarget "GMObjC iOS Demo" */ = {
			isa = XCConfigurationList;
			buildConfigurations = (
				9C74590A270FE3AE0062C1E5 /* Debug */,
				9C74590B270FE3AE0062C1E5 /* Release */,
			);
			defaultConfigurationIsVisible = 0;
			defaultConfigurationName = Release;
		};
		9CCDFC1A2B357088004E50AD /* Build configuration list for PBXNativeTarget "GMObjC Mac Demo" */ = {
			isa = XCConfigurationList;
			buildConfigurations = (
				9CCDFC182B357088004E50AD /* Debug */,
				9CCDFC192B357088004E50AD /* Release */,
			);
			defaultConfigurationIsVisible = 0;
			defaultConfigurationName = Release;
		};
/* End XCConfigurationList section */
	};
	rootObject = 9C7458E8270FE3AD0062C1E5 /* Project object */;
}
