PODS:
  - GMObjC (3.0.1)
  - GMOpenSSL (2.0.2)

DEPENDENCIES:
  - GMObjC (from `../`)
  - GMOpenSSL

SPEC REPOS:
  trunk:
    - GMOpenSSL

EXTERNAL SOURCES:
  GMObjC:
    :path: "../"

SPEC CHECKSUMS:
  GMObjC: c29233a50c530789475b57894151b24fb7bb1a23
  GMOpenSSL: 6caf76275b303430560190baba8dea3347b94fe1

PODFILE CHECKSUM: e0d41153eaaace2353bc93fbdfc96d90ee9cade3

COCOAPODS: 1.9.1
