PODS:
  - GMObjC (1.0.1):
    - GMOpenSSL
  - GMOpenSSL (2.0.2)

DEPENDENCIES:
  - GMObjC (from `../`)

SPEC REPOS:
  https://github.com/cocoapods/specs.git:
    - GMOpenSSL

EXTERNAL SOURCES:
  GMObjC:
    :path: "../"

SPEC CHECKSUMS:
  GMObjC: 57ea39d521d45bc48f4751ead4d973b4dcf87590
  GMOpenSSL: 6caf76275b303430560190baba8dea3347b94fe1

PODFILE CHECKSUM: e8a4bc557d9c69d98d9d1bcf575a62cac20efb8b

COCOAPODS: 1.7.5
