PODS:
  - GMObjC (3.1.3):
    - GMOpenSSL
  - GMOpenSSL (2.2.3)

DEPENDENCIES:
  - GMObjC (from `../`)

SPEC REPOS:
  trunk:
    - GMOpenSSL

EXTERNAL SOURCES:
  GMObjC:
    :path: "../"

SPEC CHECKSUMS:
  GMObjC: a64975fa0dab87097ab99e3627778aa12ff097dc
  GMOpenSSL: 31e201eaebdf4dd876cdd95a4be9ed02686d86ce

PODFILE CHECKSUM: 0772608182b0dceae96f72c66f93c05b3b14ddf2

COCOAPODS: 1.10.1
