// !$*UTF8*$!
{
	archiveVersion = 1;
	classes = {
	};
	objectVersion = 60;
	objects = {

/* Begin PBXBuildFile section */
		9CA353DB2CE200C600630D51 /* GMObjC.h in Headers */ = {isa = PBXBuildFile; fileRef = 9CA353DA2CE200C600630D51 /* GMObjC.h */; settings = {ATTRIBUTES = (Public, ); }; };
		9CA353ED2CE2029100630D51 /* GMSm3Utils.h in Headers */ = {isa = PBXBuildFile; fileRef = 9CA353E12CE2029100630D51 /* GMSm3Utils.h */; settings = {ATTRIBUTES = (Public, ); }; };
		9CA353EE2CE2029100630D51 /* GMSm4Utils.m in Sources */ = {isa = PBXBuildFile; fileRef = 9CA353E22CE2029100630D51 /* GMSm4Utils.m */; };
		9CA353EF2CE2029100630D51 /* GMSmUtils.m in Sources */ = {isa = PBXBuildFile; fileRef = 9CA353E32CE2029100630D51 /* GMSmUtils.m */; };
		9CA353F02CE2029100630D51 /* GMDoctor.h in Headers */ = {isa = PBXBuildFile; fileRef = 9CA353E42CE2029100630D51 /* GMDoctor.h */; settings = {ATTRIBUTES = (Public, ); }; };
		9CA353F12CE2029100630D51 /* GMSm2Bio.h in Headers */ = {isa = PBXBuildFile; fileRef = 9CA353E52CE2029100630D51 /* GMSm2Bio.h */; settings = {ATTRIBUTES = (Public, ); }; };
		9CA353F22CE2029100630D51 /* GMSm2Utils.m in Sources */ = {isa = PBXBuildFile; fileRef = 9CA353E62CE2029100630D51 /* GMSm2Utils.m */; };
		9CA353F32CE2029100630D51 /* GMSm3Utils.m in Sources */ = {isa = PBXBuildFile; fileRef = 9CA353E72CE2029100630D51 /* GMSm3Utils.m */; };
		9CA353F42CE2029100630D51 /* GMSmUtils.h in Headers */ = {isa = PBXBuildFile; fileRef = 9CA353E82CE2029100630D51 /* GMSmUtils.h */; settings = {ATTRIBUTES = (Public, ); }; };
		9CA353F52CE2029100630D51 /* GMSm2Bio.m in Sources */ = {isa = PBXBuildFile; fileRef = 9CA353E92CE2029100630D51 /* GMSm2Bio.m */; };
		9CA353F62CE2029100630D51 /* GMDoctor.m in Sources */ = {isa = PBXBuildFile; fileRef = 9CA353EA2CE2029100630D51 /* GMDoctor.m */; };
		9CA353F72CE2029100630D51 /* GMSm2Utils.h in Headers */ = {isa = PBXBuildFile; fileRef = 9CA353EB2CE2029100630D51 /* GMSm2Utils.h */; settings = {ATTRIBUTES = (Public, ); }; };
		9CA353F82CE2029100630D51 /* GMSm4Utils.h in Headers */ = {isa = PBXBuildFile; fileRef = 9CA353EC2CE2029100630D51 /* GMSm4Utils.h */; settings = {ATTRIBUTES = (Public, ); }; };
		9CA353FA2CE202BA00630D51 /* PrivacyInfo.xcprivacy in Resources */ = {isa = PBXBuildFile; fileRef = 9CA353F92CE202BA00630D51 /* PrivacyInfo.xcprivacy */; };
		9CA353FD2CE202D900630D51 /* OpenSSL.xcframework in Frameworks */ = {isa = PBXBuildFile; fileRef = 9CA353FB2CE202D900630D51 /* OpenSSL.xcframework */; };
/* End PBXBuildFile section */

/* Begin PBXFileReference section */
		9CA353D72CE200C600630D51 /* GMObjC.framework */ = {isa = PBXFileReference; explicitFileType = wrapper.framework; includeInIndex = 0; path = GMObjC.framework; sourceTree = BUILT_PRODUCTS_DIR; };
		9CA353DA2CE200C600630D51 /* GMObjC.h */ = {isa = PBXFileReference; lastKnownFileType = sourcecode.c.h; path = GMObjC.h; sourceTree = "<group>"; };
		9CA353E12CE2029100630D51 /* GMSm3Utils.h */ = {isa = PBXFileReference; fileEncoding = 4; lastKnownFileType = sourcecode.c.h; path = GMSm3Utils.h; sourceTree = "<group>"; };
		9CA353E22CE2029100630D51 /* GMSm4Utils.m */ = {isa = PBXFileReference; fileEncoding = 4; lastKnownFileType = sourcecode.c.objc; path = GMSm4Utils.m; sourceTree = "<group>"; };
		9CA353E32CE2029100630D51 /* GMSmUtils.m */ = {isa = PBXFileReference; fileEncoding = 4; lastKnownFileType = sourcecode.c.objc; path = GMSmUtils.m; sourceTree = "<group>"; };
		9CA353E42CE2029100630D51 /* GMDoctor.h */ = {isa = PBXFileReference; fileEncoding = 4; lastKnownFileType = sourcecode.c.h; path = GMDoctor.h; sourceTree = "<group>"; };
		9CA353E52CE2029100630D51 /* GMSm2Bio.h */ = {isa = PBXFileReference; fileEncoding = 4; lastKnownFileType = sourcecode.c.h; path = GMSm2Bio.h; sourceTree = "<group>"; };
		9CA353E62CE2029100630D51 /* GMSm2Utils.m */ = {isa = PBXFileReference; fileEncoding = 4; lastKnownFileType = sourcecode.c.objc; path = GMSm2Utils.m; sourceTree = "<group>"; };
		9CA353E72CE2029100630D51 /* GMSm3Utils.m */ = {isa = PBXFileReference; fileEncoding = 4; lastKnownFileType = sourcecode.c.objc; path = GMSm3Utils.m; sourceTree = "<group>"; };
		9CA353E82CE2029100630D51 /* GMSmUtils.h */ = {isa = PBXFileReference; fileEncoding = 4; lastKnownFileType = sourcecode.c.h; path = GMSmUtils.h; sourceTree = "<group>"; };
		9CA353E92CE2029100630D51 /* GMSm2Bio.m */ = {isa = PBXFileReference; fileEncoding = 4; lastKnownFileType = sourcecode.c.objc; path = GMSm2Bio.m; sourceTree = "<group>"; };
		9CA353EA2CE2029100630D51 /* GMDoctor.m */ = {isa = PBXFileReference; fileEncoding = 4; lastKnownFileType = sourcecode.c.objc; path = GMDoctor.m; sourceTree = "<group>"; };
		9CA353EB2CE2029100630D51 /* GMSm2Utils.h */ = {isa = PBXFileReference; fileEncoding = 4; lastKnownFileType = sourcecode.c.h; path = GMSm2Utils.h; sourceTree = "<group>"; };
		9CA353EC2CE2029100630D51 /* GMSm4Utils.h */ = {isa = PBXFileReference; fileEncoding = 4; lastKnownFileType = sourcecode.c.h; path = GMSm4Utils.h; sourceTree = "<group>"; };
		9CA353F92CE202BA00630D51 /* PrivacyInfo.xcprivacy */ = {isa = PBXFileReference; fileEncoding = 4; lastKnownFileType = text.xml; path = PrivacyInfo.xcprivacy; sourceTree = "<group>"; };
		9CA353FB2CE202D900630D51 /* OpenSSL.xcframework */ = {isa = PBXFileReference; expectedSignature = "AppleDeveloperProgram:4BX77JHQHH:fei li"; lastKnownFileType = wrapper.xcframework; path = OpenSSL.xcframework; sourceTree = "<group>"; };
/* End PBXFileReference section */

/* Begin PBXFrameworksBuildPhase section */
		9CA353D42CE200C600630D51 /* Frameworks */ = {
			isa = PBXFrameworksBuildPhase;
			buildActionMask = 2147483647;
			files = (
				9CA353FD2CE202D900630D51 /* OpenSSL.xcframework in Frameworks */,
			);
			runOnlyForDeploymentPostprocessing = 0;
		};
/* End PBXFrameworksBuildPhase section */

/* Begin PBXGroup section */
		9CA353CD2CE200C600630D51 = {
			isa = PBXGroup;
			children = (
				9CA353D92CE200C600630D51 /* GMObjC */,
				9CA353FC2CE202D900630D51 /* Frameworks */,
				9CA353D82CE200C600630D51 /* Products */,
			);
			sourceTree = "<group>";
		};
		9CA353D82CE200C600630D51 /* Products */ = {
			isa = PBXGroup;
			children = (
				9CA353D72CE200C600630D51 /* GMObjC.framework */,
			);
			name = Products;
			sourceTree = "<group>";
		};
		9CA353D92CE200C600630D51 /* GMObjC */ = {
			isa = PBXGroup;
			children = (
				9CA353F92CE202BA00630D51 /* PrivacyInfo.xcprivacy */,
				9CA353DA2CE200C600630D51 /* GMObjC.h */,
				9CA353E42CE2029100630D51 /* GMDoctor.h */,
				9CA353EA2CE2029100630D51 /* GMDoctor.m */,
				9CA353E82CE2029100630D51 /* GMSmUtils.h */,
				9CA353E32CE2029100630D51 /* GMSmUtils.m */,
				9CA353E52CE2029100630D51 /* GMSm2Bio.h */,
				9CA353E92CE2029100630D51 /* GMSm2Bio.m */,
				9CA353EB2CE2029100630D51 /* GMSm2Utils.h */,
				9CA353E62CE2029100630D51 /* GMSm2Utils.m */,
				9CA353E12CE2029100630D51 /* GMSm3Utils.h */,
				9CA353E72CE2029100630D51 /* GMSm3Utils.m */,
				9CA353EC2CE2029100630D51 /* GMSm4Utils.h */,
				9CA353E22CE2029100630D51 /* GMSm4Utils.m */,
			);
			path = GMObjC;
			sourceTree = "<group>";
		};
		9CA353FC2CE202D900630D51 /* Frameworks */ = {
			isa = PBXGroup;
			children = (
				9CA353FB2CE202D900630D51 /* OpenSSL.xcframework */,
			);
			path = Frameworks;
			sourceTree = "<group>";
		};
/* End PBXGroup section */

/* Begin PBXHeadersBuildPhase section */
		9CA353D22CE200C600630D51 /* Headers */ = {
			isa = PBXHeadersBuildPhase;
			buildActionMask = 2147483647;
			files = (
				9CA353F12CE2029100630D51 /* GMSm2Bio.h in Headers */,
				9CA353F72CE2029100630D51 /* GMSm2Utils.h in Headers */,
				9CA353ED2CE2029100630D51 /* GMSm3Utils.h in Headers */,
				9CA353F02CE2029100630D51 /* GMDoctor.h in Headers */,
				9CA353DB2CE200C600630D51 /* GMObjC.h in Headers */,
				9CA353F82CE2029100630D51 /* GMSm4Utils.h in Headers */,
				9CA353F42CE2029100630D51 /* GMSmUtils.h in Headers */,
			);
			runOnlyForDeploymentPostprocessing = 0;
		};
/* End PBXHeadersBuildPhase section */

/* Begin PBXNativeTarget section */
		9CA353D62CE200C600630D51 /* GMObjC */ = {
			isa = PBXNativeTarget;
			buildConfigurationList = 9CA353DE2CE200C600630D51 /* Build configuration list for PBXNativeTarget "GMObjC" */;
			buildPhases = (
				9CA353D22CE200C600630D51 /* Headers */,
				9CA353D32CE200C600630D51 /* Sources */,
				9CA353D42CE200C600630D51 /* Frameworks */,
				9CA353D52CE200C600630D51 /* Resources */,
			);
			buildRules = (
			);
			dependencies = (
			);
			name = GMObjC;
			productName = GMObjC;
			productReference = 9CA353D72CE200C600630D51 /* GMObjC.framework */;
			productType = "com.apple.product-type.framework";
		};
/* End PBXNativeTarget section */

/* Begin PBXProject section */
		9CA353CE2CE200C600630D51 /* Project object */ = {
			isa = PBXProject;
			attributes = {
				BuildIndependentTargetsInParallel = 1;
				LastUpgradeCheck = 1540;
				TargetAttributes = {
					9CA353D62CE200C600630D51 = {
						CreatedOnToolsVersion = 15.4;
					};
				};
			};
			buildConfigurationList = 9CA353D12CE200C600630D51 /* Build configuration list for PBXProject "GMObjC" */;
			compatibilityVersion = "Xcode 14.0";
			developmentRegion = en;
			hasScannedForEncodings = 0;
			knownRegions = (
				en,
				Base,
			);
			mainGroup = 9CA353CD2CE200C600630D51;
			productRefGroup = 9CA353D82CE200C600630D51 /* Products */;
			projectDirPath = "";
			projectRoot = "";
			targets = (
				9CA353D62CE200C600630D51 /* GMObjC */,
			);
		};
/* End PBXProject section */

/* Begin PBXResourcesBuildPhase section */
		9CA353D52CE200C600630D51 /* Resources */ = {
			isa = PBXResourcesBuildPhase;
			buildActionMask = 2147483647;
			files = (
				9CA353FA2CE202BA00630D51 /* PrivacyInfo.xcprivacy in Resources */,
			);
			runOnlyForDeploymentPostprocessing = 0;
		};
/* End PBXResourcesBuildPhase section */

/* Begin PBXSourcesBuildPhase section */
		9CA353D32CE200C600630D51 /* Sources */ = {
			isa = PBXSourcesBuildPhase;
			buildActionMask = 2147483647;
			files = (
				9CA353F52CE2029100630D51 /* GMSm2Bio.m in Sources */,
				9CA353EE2CE2029100630D51 /* GMSm4Utils.m in Sources */,
				9CA353F62CE2029100630D51 /* GMDoctor.m in Sources */,
				9CA353EF2CE2029100630D51 /* GMSmUtils.m in Sources */,
				9CA353F22CE2029100630D51 /* GMSm2Utils.m in Sources */,
				9CA353F32CE2029100630D51 /* GMSm3Utils.m in Sources */,
			);
			runOnlyForDeploymentPostprocessing = 0;
		};
/* End PBXSourcesBuildPhase section */

/* Begin XCBuildConfiguration section */
		9CA353DC2CE200C600630D51 /* Debug */ = {
			isa = XCBuildConfiguration;
			buildSettings = {
				ALWAYS_SEARCH_USER_PATHS = NO;
				ASSETCATALOG_COMPILER_GENERATE_SWIFT_ASSET_SYMBOL_EXTENSIONS = YES;
				CLANG_ANALYZER_NONNULL = YES;
				CLANG_ANALYZER_NUMBER_OBJECT_CONVERSION = YES_AGGRESSIVE;
				CLANG_CXX_LANGUAGE_STANDARD = "gnu++20";
				CLANG_ENABLE_MODULES = YES;
				CLANG_ENABLE_OBJC_ARC = YES;
				CLANG_ENABLE_OBJC_WEAK = YES;
				CLANG_WARN_BLOCK_CAPTURE_AUTORELEASING = YES;
				CLANG_WARN_BOOL_CONVERSION = YES;
				CLANG_WARN_COMMA = YES;
				CLANG_WARN_CONSTANT_CONVERSION = YES;
				CLANG_WARN_DEPRECATED_OBJC_IMPLEMENTATIONS = YES;
				CLANG_WARN_DIRECT_OBJC_ISA_USAGE = YES_ERROR;
				CLANG_WARN_DOCUMENTATION_COMMENTS = YES;
				CLANG_WARN_EMPTY_BODY = YES;
				CLANG_WARN_ENUM_CONVERSION = YES;
				CLANG_WARN_INFINITE_RECURSION = YES;
				CLANG_WARN_INT_CONVERSION = YES;
				CLANG_WARN_NON_LITERAL_NULL_CONVERSION = YES;
				CLANG_WARN_OBJC_IMPLICIT_RETAIN_SELF = YES;
				CLANG_WARN_OBJC_LITERAL_CONVERSION = YES;
				CLANG_WARN_OBJC_ROOT_CLASS = YES_ERROR;
				CLANG_WARN_QUOTED_INCLUDE_IN_FRAMEWORK_HEADER = YES;
				CLANG_WARN_RANGE_LOOP_ANALYSIS = YES;
				CLANG_WARN_STRICT_PROTOTYPES = YES;
				CLANG_WARN_SUSPICIOUS_MOVE = YES;
				CLANG_WARN_UNGUARDED_AVAILABILITY = YES_AGGRESSIVE;
				CLANG_WARN_UNREACHABLE_CODE = YES;
				CLANG_WARN__DUPLICATE_METHOD_MATCH = YES;
				COPY_PHASE_STRIP = NO;
				CURRENT_PROJECT_VERSION = 1;
				DEBUG_INFORMATION_FORMAT = dwarf;
				ENABLE_STRICT_OBJC_MSGSEND = YES;
				ENABLE_TESTABILITY = YES;
				ENABLE_USER_SCRIPT_SANDBOXING = YES;
				GCC_C_LANGUAGE_STANDARD = gnu17;
				GCC_DYNAMIC_NO_PIC = NO;
				GCC_NO_COMMON_BLOCKS = YES;
				GCC_OPTIMIZATION_LEVEL = 0;
				GCC_PREPROCESSOR_DEFINITIONS = (
					"DEBUG=1",
					"$(inherited)",
				);
				GCC_WARN_64_TO_32_BIT_CONVERSION = YES;
				GCC_WARN_ABOUT_RETURN_TYPE = YES_ERROR;
				GCC_WARN_UNDECLARED_SELECTOR = YES;
				GCC_WARN_UNINITIALIZED_AUTOS = YES_AGGRESSIVE;
				GCC_WARN_UNUSED_FUNCTION = YES;
				GCC_WARN_UNUSED_VARIABLE = YES;
				LOCALIZATION_PREFERS_STRING_CATALOGS = YES;
				MTL_ENABLE_DEBUG_INFO = INCLUDE_SOURCE;
				MTL_FAST_MATH = YES;
				ONLY_ACTIVE_ARCH = YES;
				SWIFT_ACTIVE_COMPILATION_CONDITIONS = "DEBUG $(inherited)";
				SWIFT_OPTIMIZATION_LEVEL = "-Onone";
				VERSIONING_SYSTEM = "apple-generic";
				VERSION_INFO_PREFIX = "";
			};
			name = Debug;
		};
		9CA353DD2CE200C600630D51 /* Release */ = {
			isa = XCBuildConfiguration;
			buildSettings = {
				ALWAYS_SEARCH_USER_PATHS = NO;
				ASSETCATALOG_COMPILER_GENERATE_SWIFT_ASSET_SYMBOL_EXTENSIONS = YES;
				CLANG_ANALYZER_NONNULL = YES;
				CLANG_ANALYZER_NUMBER_OBJECT_CONVERSION = YES_AGGRESSIVE;
				CLANG_CXX_LANGUAGE_STANDARD = "gnu++20";
				CLANG_ENABLE_MODULES = YES;
				CLANG_ENABLE_OBJC_ARC = YES;
				CLANG_ENABLE_OBJC_WEAK = YES;
				CLANG_WARN_BLOCK_CAPTURE_AUTORELEASING = YES;
				CLANG_WARN_BOOL_CONVERSION = YES;
				CLANG_WARN_COMMA = YES;
				CLANG_WARN_CONSTANT_CONVERSION = YES;
				CLANG_WARN_DEPRECATED_OBJC_IMPLEMENTATIONS = YES;
				CLANG_WARN_DIRECT_OBJC_ISA_USAGE = YES_ERROR;
				CLANG_WARN_DOCUMENTATION_COMMENTS = YES;
				CLANG_WARN_EMPTY_BODY = YES;
				CLANG_WARN_ENUM_CONVERSION = YES;
				CLANG_WARN_INFINITE_RECURSION = YES;
				CLANG_WARN_INT_CONVERSION = YES;
				CLANG_WARN_NON_LITERAL_NULL_CONVERSION = YES;
				CLANG_WARN_OBJC_IMPLICIT_RETAIN_SELF = YES;
				CLANG_WARN_OBJC_LITERAL_CONVERSION = YES;
				CLANG_WARN_OBJC_ROOT_CLASS = YES_ERROR;
				CLANG_WARN_QUOTED_INCLUDE_IN_FRAMEWORK_HEADER = YES;
				CLANG_WARN_RANGE_LOOP_ANALYSIS = YES;
				CLANG_WARN_STRICT_PROTOTYPES = YES;
				CLANG_WARN_SUSPICIOUS_MOVE = YES;
				CLANG_WARN_UNGUARDED_AVAILABILITY = YES_AGGRESSIVE;
				CLANG_WARN_UNREACHABLE_CODE = YES;
				CLANG_WARN__DUPLICATE_METHOD_MATCH = YES;
				COPY_PHASE_STRIP = NO;
				CURRENT_PROJECT_VERSION = 1;
				DEBUG_INFORMATION_FORMAT = "dwarf-with-dsym";
				ENABLE_NS_ASSERTIONS = NO;
				ENABLE_STRICT_OBJC_MSGSEND = YES;
				ENABLE_USER_SCRIPT_SANDBOXING = YES;
				GCC_C_LANGUAGE_STANDARD = gnu17;
				GCC_NO_COMMON_BLOCKS = YES;
				GCC_WARN_64_TO_32_BIT_CONVERSION = YES;
				GCC_WARN_ABOUT_RETURN_TYPE = YES_ERROR;
				GCC_WARN_UNDECLARED_SELECTOR = YES;
				GCC_WARN_UNINITIALIZED_AUTOS = YES_AGGRESSIVE;
				GCC_WARN_UNUSED_FUNCTION = YES;
				GCC_WARN_UNUSED_VARIABLE = YES;
				LOCALIZATION_PREFERS_STRING_CATALOGS = YES;
				MTL_ENABLE_DEBUG_INFO = NO;
				MTL_FAST_MATH = YES;
				SWIFT_COMPILATION_MODE = wholemodule;
				VERSIONING_SYSTEM = "apple-generic";
				VERSION_INFO_PREFIX = "";
			};
			name = Release;
		};
		9CA353DF2CE200C600630D51 /* Debug */ = {
			isa = XCBuildConfiguration;
			buildSettings = {
				ALLOW_TARGET_PLATFORM_SPECIALIZATION = YES;
				BUILD_LIBRARY_FOR_DISTRIBUTION = YES;
				CODE_SIGN_STYLE = Automatic;
				CURRENT_PROJECT_VERSION = 1;
				DEFINES_MODULE = YES;
				DEVELOPMENT_TEAM = 4BX77JHQHH;
				DYLIB_COMPATIBILITY_VERSION = 1;
				DYLIB_CURRENT_VERSION = 1;
				DYLIB_INSTALL_NAME_BASE = "@rpath";
				ENABLE_MODULE_VERIFIER = YES;
				GENERATE_INFOPLIST_FILE = YES;
				INFOPLIST_KEY_NSHumanReadableCopyright = "";
				INSTALL_PATH = "$(LOCAL_LIBRARY_DIR)/Frameworks";
				IPHONEOS_DEPLOYMENT_TARGET = 9.0;
				LD_RUNPATH_SEARCH_PATHS = (
					"@executable_path/Frameworks",
					"@loader_path/Frameworks",
				);
				"LD_RUNPATH_SEARCH_PATHS[sdk=macosx*]" = (
					"@executable_path/../Frameworks",
					"@loader_path/Frameworks",
				);
				MACOSX_DEPLOYMENT_TARGET = 10.13;
				MARKETING_VERSION = 1.0;
				MODULE_VERIFIER_SUPPORTED_LANGUAGES = "objective-c objective-c++";
				MODULE_VERIFIER_SUPPORTED_LANGUAGE_STANDARDS = "gnu17 gnu++20";
				PRODUCT_BUNDLE_IDENTIFIER = com.lifei.gmobjc;
				PRODUCT_NAME = "$(TARGET_NAME:c99extidentifier)";
				SDKROOT = auto;
				SKIP_INSTALL = YES;
				SUPPORTED_PLATFORMS = "iphoneos iphonesimulator macosx";
				SWIFT_EMIT_LOC_STRINGS = YES;
				SWIFT_INSTALL_OBJC_HEADER = NO;
				SWIFT_VERSION = 5.0;
				TARGETED_DEVICE_FAMILY = "1,2";
			};
			name = Debug;
		};
		9CA353E02CE200C600630D51 /* Release */ = {
			isa = XCBuildConfiguration;
			buildSettings = {
				ALLOW_TARGET_PLATFORM_SPECIALIZATION = YES;
				BUILD_LIBRARY_FOR_DISTRIBUTION = YES;
				CODE_SIGN_STYLE = Automatic;
				CURRENT_PROJECT_VERSION = 1;
				DEFINES_MODULE = YES;
				DEVELOPMENT_TEAM = 4BX77JHQHH;
				DYLIB_COMPATIBILITY_VERSION = 1;
				DYLIB_CURRENT_VERSION = 1;
				DYLIB_INSTALL_NAME_BASE = "@rpath";
				ENABLE_MODULE_VERIFIER = YES;
				GENERATE_INFOPLIST_FILE = YES;
				INFOPLIST_KEY_NSHumanReadableCopyright = "";
				INSTALL_PATH = "$(LOCAL_LIBRARY_DIR)/Frameworks";
				IPHONEOS_DEPLOYMENT_TARGET = 9.0;
				LD_RUNPATH_SEARCH_PATHS = (
					"@executable_path/Frameworks",
					"@loader_path/Frameworks",
				);
				"LD_RUNPATH_SEARCH_PATHS[sdk=macosx*]" = (
					"@executable_path/../Frameworks",
					"@loader_path/Frameworks",
				);
				MACOSX_DEPLOYMENT_TARGET = 10.13;
				MARKETING_VERSION = 1.0;
				MODULE_VERIFIER_SUPPORTED_LANGUAGES = "objective-c objective-c++";
				MODULE_VERIFIER_SUPPORTED_LANGUAGE_STANDARDS = "gnu17 gnu++20";
				PRODUCT_BUNDLE_IDENTIFIER = com.lifei.gmobjc;
				PRODUCT_NAME = "$(TARGET_NAME:c99extidentifier)";
				SDKROOT = auto;
				SKIP_INSTALL = YES;
				SUPPORTED_PLATFORMS = "iphoneos iphonesimulator macosx";
				SWIFT_EMIT_LOC_STRINGS = YES;
				SWIFT_INSTALL_OBJC_HEADER = NO;
				SWIFT_VERSION = 5.0;
				TARGETED_DEVICE_FAMILY = "1,2";
			};
			name = Release;
		};
/* End XCBuildConfiguration section */

/* Begin XCConfigurationList section */
		9CA353D12CE200C600630D51 /* Build configuration list for PBXProject "GMObjC" */ = {
			isa = XCConfigurationList;
			buildConfigurations = (
				9CA353DC2CE200C600630D51 /* Debug */,
				9CA353DD2CE200C600630D51 /* Release */,
			);
			defaultConfigurationIsVisible = 0;
			defaultConfigurationName = Release;
		};
		9CA353DE2CE200C600630D51 /* Build configuration list for PBXNativeTarget "GMObjC" */ = {
			isa = XCConfigurationList;
			buildConfigurations = (
				9CA353DF2CE200C600630D51 /* Debug */,
				9CA353E02CE200C600630D51 /* Release */,
			);
			defaultConfigurationIsVisible = 0;
			defaultConfigurationName = Release;
		};
/* End XCConfigurationList section */
	};
	rootObject = 9CA353CE2CE200C600630D51 /* Project object */;
}
